// !$*UTF8*$!
{
	archiveVersion = 1;
	classes = {
	};
	objectVersion = 46;
	objects = {

/* Begin PBXBuildFile section */
		6224C49617641903006324F8 /* Cocoa.framework in Frameworks */ = {isa = PBXBuildFile; fileRef = 6224C49517641903006324F8 /* Cocoa.framework */; };
		6224C4A017641903006324F8 /* InfoPlist.strings in Resources */ = {isa = PBXBuildFile; fileRef = 6224C49E17641903006324F8 /* InfoPlist.strings */; };
		6224C4A217641903006324F8 /* main.m in Sources */ = {isa = PBXBuildFile; fileRef = 6224C4A117641903006324F8 /* main.m */; };
		6224C4A617641903006324F8 /* Credits.rtf in Resources */ = {isa = PBXBuildFile; fileRef = 6224C4A417641903006324F8 /* Credits.rtf */; };
		6224C4A917641903006324F8 /* Document.m in Sources */ = {isa = PBXBuildFile; fileRef = 6224C4A817641903006324F8 /* Document.m */; };
		6224C4AC17641903006324F8 /* Document.xib in Resources */ = {isa = PBXBuildFile; fileRef = 6224C4AA17641903006324F8 /* Document.xib */; };
		6224C4AF17641903006324F8 /* MainMenu.xib in Resources */ = {isa = PBXBuildFile; fileRef = 6224C4AD17641903006324F8 /* MainMenu.xib */; };
		6224C4B717641903006324F8 /* SenTestingKit.framework in Frameworks */ = {isa = PBXBuildFile; fileRef = 6224C4B617641903006324F8 /* SenTestingKit.framework */; };
		6224C4B817641903006324F8 /* Cocoa.framework in Frameworks */ = {isa = PBXBuildFile; fileRef = 6224C49517641903006324F8 /* Cocoa.framework */; };
		6224C4C017641903006324F8 /* InfoPlist.strings in Resources */ = {isa = PBXBuildFile; fileRef = 6224C4BE17641903006324F8 /* InfoPlist.strings */; };
		6224C4C317641903006324F8 /* creatures_macTests.m in Sources */ = {isa = PBXBuildFile; fileRef = 6224C4C217641903006324F8 /* creatures_macTests.m */; };
/* End PBXBuildFile section */

/* Begin PBXContainerItemProxy section */
		6224C4B917641903006324F8 /* PBXContainerItemProxy */ = {
			isa = PBXContainerItemProxy;
			containerPortal = 6224C48A17641903006324F8 /* Project object */;
			proxyType = 1;
			remoteGlobalIDString = 6224C49117641903006324F8;
			remoteInfo = "creatures-mac";
		};
/* End PBXContainerItemProxy section */

/* Begin PBXFileReference section */
		6224C49217641903006324F8 /* creatures-mac.app */ = {isa = PBXFileReference; explicitFileType = wrapper.application; includeInIndex = 0; path = "creatures-mac.app"; sourceTree = BUILT_PRODUCTS_DIR; };
		6224C49517641903006324F8 /* Cocoa.framework */ = {isa = PBXFileReference; lastKnownFileType = wrapper.framework; name = Cocoa.framework; path = System/Library/Frameworks/Cocoa.framework; sourceTree = SDKROOT; };
		6224C49817641903006324F8 /* AppKit.framework */ = {isa = PBXFileReference; lastKnownFileType = wrapper.framework; name = AppKit.framework; path = System/Library/Frameworks/AppKit.framework; sourceTree = SDKROOT; };
		6224C49917641903006324F8 /* CoreData.framework */ = {isa = PBXFileReference; lastKnownFileType = wrapper.framework; name = CoreData.framework; path = System/Library/Frameworks/CoreData.framework; sourceTree = SDKROOT; };
		6224C49A17641903006324F8 /* Foundation.framework */ = {isa = PBXFileReference; lastKnownFileType = wrapper.framework; name = Foundation.framework; path = System/Library/Frameworks/Foundation.framework; sourceTree = SDKROOT; };
		6224C49D17641903006324F8 /* creatures-mac-Info.plist */ = {isa = PBXFileReference; lastKnownFileType = text.plist.xml; path = "creatures-mac-Info.plist"; sourceTree = "<group>"; };
		6224C49F17641903006324F8 /* en */ = {isa = PBXFileReference; lastKnownFileType = text.plist.strings; name = en; path = en.lproj/InfoPlist.strings; sourceTree = "<group>"; };
		6224C4A117641903006324F8 /* main.m */ = {isa = PBXFileReference; lastKnownFileType = sourcecode.c.objc; path = main.m; sourceTree = "<group>"; };
		6224C4A317641903006324F8 /* creatures-mac-Prefix.pch */ = {isa = PBXFileReference; lastKnownFileType = sourcecode.c.h; path = "creatures-mac-Prefix.pch"; sourceTree = "<group>"; };
		6224C4A517641903006324F8 /* en */ = {isa = PBXFileReference; lastKnownFileType = text.rtf; name = en; path = en.lproj/Credits.rtf; sourceTree = "<group>"; };
		6224C4A717641903006324F8 /* Document.h */ = {isa = PBXFileReference; lastKnownFileType = sourcecode.c.h; path = Document.h; sourceTree = "<group>"; };
		6224C4A817641903006324F8 /* Document.m */ = {isa = PBXFileReference; lastKnownFileType = sourcecode.c.objc; path = Document.m; sourceTree = "<group>"; };
		6224C4AB17641903006324F8 /* en */ = {isa = PBXFileReference; lastKnownFileType = file.xib; name = en; path = en.lproj/Document.xib; sourceTree = "<group>"; };
		6224C4AE17641903006324F8 /* en */ = {isa = PBXFileReference; lastKnownFileType = file.xib; name = en; path = en.lproj/MainMenu.xib; sourceTree = "<group>"; };
		6224C4B517641903006324F8 /* creatures-macTests.octest */ = {isa = PBXFileReference; explicitFileType = wrapper.cfbundle; includeInIndex = 0; path = "creatures-macTests.octest"; sourceTree = BUILT_PRODUCTS_DIR; };
		6224C4B617641903006324F8 /* SenTestingKit.framework */ = {isa = PBXFileReference; lastKnownFileType = wrapper.framework; name = SenTestingKit.framework; path = Library/Frameworks/SenTestingKit.framework; sourceTree = DEVELOPER_DIR; };
		6224C4BD17641903006324F8 /* creatures-macTests-Info.plist */ = {isa = PBXFileReference; lastKnownFileType = text.plist.xml; path = "creatures-macTests-Info.plist"; sourceTree = "<group>"; };
		6224C4BF17641903006324F8 /* en */ = {isa = PBXFileReference; lastKnownFileType = text.plist.strings; name = en; path = en.lproj/InfoPlist.strings; sourceTree = "<group>"; };
		6224C4C117641903006324F8 /* creatures_macTests.h */ = {isa = PBXFileReference; lastKnownFileType = sourcecode.c.h; path = creatures_macTests.h; sourceTree = "<group>"; };
		6224C4C217641903006324F8 /* creatures_macTests.m */ = {isa = PBXFileReference; lastKnownFileType = sourcecode.c.objc; path = creatures_macTests.m; sourceTree = "<group>"; };
/* End PBXFileReference section */

/* Begin PBXFrameworksBuildPhase section */
		6224C48F17641903006324F8 /* Frameworks */ = {
			isa = PBXFrameworksBuildPhase;
			buildActionMask = 2147483647;
			files = (
				6224C49617641903006324F8 /* Cocoa.framework in Frameworks */,
			);
			runOnlyForDeploymentPostprocessing = 0;
		};
		6224C4B117641903006324F8 /* Frameworks */ = {
			isa = PBXFrameworksBuildPhase;
			buildActionMask = 2147483647;
			files = (
				6224C4B717641903006324F8 /* SenTestingKit.framework in Frameworks */,
				6224C4B817641903006324F8 /* Cocoa.framework in Frameworks */,
			);
			runOnlyForDeploymentPostprocessing = 0;
		};
/* End PBXFrameworksBuildPhase section */

/* Begin PBXGroup section */
		6224C48917641903006324F8 = {
			isa = PBXGroup;
			children = (
				6224C49B17641903006324F8 /* creatures-mac */,
				6224C4BB17641903006324F8 /* creatures-macTests */,
				6224C49417641903006324F8 /* Frameworks */,
				6224C49317641903006324F8 /* Products */,
			);
			sourceTree = "<group>";
		};
		6224C49317641903006324F8 /* Products */ = {
			isa = PBXGroup;
			children = (
				6224C49217641903006324F8 /* creatures-mac.app */,
				6224C4B517641903006324F8 /* creatures-macTests.octest */,
			);
			name = Products;
			sourceTree = "<group>";
		};
		6224C49417641903006324F8 /* Frameworks */ = {
			isa = PBXGroup;
			children = (
				6224C49517641903006324F8 /* Cocoa.framework */,
				6224C4B617641903006324F8 /* SenTestingKit.framework */,
				6224C49717641903006324F8 /* Other Frameworks */,
			);
			name = Frameworks;
			sourceTree = "<group>";
		};
		6224C49717641903006324F8 /* Other Frameworks */ = {
			isa = PBXGroup;
			children = (
				6224C49817641903006324F8 /* AppKit.framework */,
				6224C49917641903006324F8 /* CoreData.framework */,
				6224C49A17641903006324F8 /* Foundation.framework */,
			);
			name = "Other Frameworks";
			sourceTree = "<group>";
		};
		6224C49B17641903006324F8 /* creatures-mac */ = {
			isa = PBXGroup;
			children = (
				6224C4A717641903006324F8 /* Document.h */,
				6224C4A817641903006324F8 /* Document.m */,
				6224C4AA17641903006324F8 /* Document.xib */,
				6224C4AD17641903006324F8 /* MainMenu.xib */,
				6224C49C17641903006324F8 /* Supporting Files */,
			);
			path = "creatures-mac";
			sourceTree = "<group>";
		};
		6224C49C17641903006324F8 /* Supporting Files */ = {
			isa = PBXGroup;
			children = (
				6224C49D17641903006324F8 /* creatures-mac-Info.plist */,
				6224C49E17641903006324F8 /* InfoPlist.strings */,
				6224C4A117641903006324F8 /* main.m */,
				6224C4A317641903006324F8 /* creatures-mac-Prefix.pch */,
				6224C4A417641903006324F8 /* Credits.rtf */,
			);
			name = "Supporting Files";
			sourceTree = "<group>";
		};
		6224C4BB17641903006324F8 /* creatures-macTests */ = {
			isa = PBXGroup;
			children = (
				6224C4C117641903006324F8 /* creatures_macTests.h */,
				6224C4C217641903006324F8 /* creatures_macTests.m */,
				6224C4BC17641903006324F8 /* Supporting Files */,
			);
			path = "creatures-macTests";
			sourceTree = "<group>";
		};
		6224C4BC17641903006324F8 /* Supporting Files */ = {
			isa = PBXGroup;
			children = (
				6224C4BD17641903006324F8 /* creatures-macTests-Info.plist */,
				6224C4BE17641903006324F8 /* InfoPlist.strings */,
			);
			name = "Supporting Files";
			sourceTree = "<group>";
		};
/* End PBXGroup section */

/* Begin PBXNativeTarget section */
		6224C49117641903006324F8 /* creatures-mac */ = {
			isa = PBXNativeTarget;
			buildConfigurationList = 6224C4C617641903006324F8 /* Build configuration list for PBXNativeTarget "creatures-mac" */;
			buildPhases = (
				6224C48E17641903006324F8 /* Sources */,
				6224C48F17641903006324F8 /* Frameworks */,
				6224C49017641903006324F8 /* Resources */,
			);
			buildRules = (
			);
			dependencies = (
			);
			name = "creatures-mac";
			productName = "creatures-mac";
			productReference = 6224C49217641903006324F8 /* creatures-mac.app */;
			productType = "com.apple.product-type.application";
		};
		6224C4B417641903006324F8 /* creatures-macTests */ = {
			isa = PBXNativeTarget;
			buildConfigurationList = 6224C4C917641903006324F8 /* Build configuration list for PBXNativeTarget "creatures-macTests" */;
			buildPhases = (
				6224C4B017641903006324F8 /* Sources */,
				6224C4B117641903006324F8 /* Frameworks */,
				6224C4B217641903006324F8 /* Resources */,
				6224C4B317641903006324F8 /* ShellScript */,
			);
			buildRules = (
			);
			dependencies = (
				6224C4BA17641903006324F8 /* PBXTargetDependency */,
			);
			name = "creatures-macTests";
			productName = "creatures-macTests";
			productReference = 6224C4B517641903006324F8 /* creatures-macTests.octest */;
			productType = "com.apple.product-type.bundle";
		};
/* End PBXNativeTarget section */

/* Begin PBXProject section */
		6224C48A17641903006324F8 /* Project object */ = {
			isa = PBXProject;
			attributes = {
				LastUpgradeCheck = 0460;
				ORGANIZATIONNAME = "Bone Jarring Games and Software";
			};
			buildConfigurationList = 6224C48D17641903006324F8 /* Build configuration list for PBXProject "creatures-mac" */;
			compatibilityVersion = "Xcode 3.2";
			developmentRegion = English;
			hasScannedForEncodings = 0;
			knownRegions = (
				en,
			);
			mainGroup = 6224C48917641903006324F8;
			productRefGroup = 6224C49317641903006324F8 /* Products */;
			projectDirPath = "";
			projectRoot = "";
			targets = (
				6224C49117641903006324F8 /* creatures-mac */,
				6224C4B417641903006324F8 /* creatures-macTests */,
			);
		};
/* End PBXProject section */

/* Begin PBXResourcesBuildPhase section */
		6224C49017641903006324F8 /* Resources */ = {
			isa = PBXResourcesBuildPhase;
			buildActionMask = 2147483647;
			files = (
				6224C4A017641903006324F8 /* InfoPlist.strings in Resources */,
				6224C4A617641903006324F8 /* Credits.rtf in Resources */,
				6224C4AC17641903006324F8 /* Document.xib in Resources */,
				6224C4AF17641903006324F8 /* MainMenu.xib in Resources */,
			);
			runOnlyForDeploymentPostprocessing = 0;
		};
		6224C4B217641903006324F8 /* Resources */ = {
			isa = PBXResourcesBuildPhase;
			buildActionMask = 2147483647;
			files = (
				6224C4C017641903006324F8 /* InfoPlist.strings in Resources */,
			);
			runOnlyForDeploymentPostprocessing = 0;
		};
/* End PBXResourcesBuildPhase section */

/* Begin PBXShellScriptBuildPhase section */
		6224C4B317641903006324F8 /* ShellScript */ = {
			isa = PBXShellScriptBuildPhase;
			buildActionMask = 2147483647;
			files = (
			);
			inputPaths = (
			);
			outputPaths = (
			);
			runOnlyForDeploymentPostprocessing = 0;
			shellPath = /bin/sh;
			shellScript = "# Run the unit tests in this test bundle.\n\"${SYSTEM_DEVELOPER_DIR}/Tools/RunUnitTests\"\n";
		};
/* End PBXShellScriptBuildPhase section */

/* Begin PBXSourcesBuildPhase section */
		6224C48E17641903006324F8 /* Sources */ = {
			isa = PBXSourcesBuildPhase;
			buildActionMask = 2147483647;
			files = (
				6224C4A217641903006324F8 /* main.m in Sources */,
				6224C4A917641903006324F8 /* Document.m in Sources */,
			);
			runOnlyForDeploymentPostprocessing = 0;
		};
		6224C4B017641903006324F8 /* Sources */ = {
			isa = PBXSourcesBuildPhase;
			buildActionMask = 2147483647;
			files = (
				6224C4C317641903006324F8 /* creatures_macTests.m in Sources */,
			);
			runOnlyForDeploymentPostprocessing = 0;
		};
/* End PBXSourcesBuildPhase section */

/* Begin PBXTargetDependency section */
		6224C4BA17641903006324F8 /* PBXTargetDependency */ = {
			isa = PBXTargetDependency;
			target = 6224C49117641903006324F8 /* creatures-mac */;
			targetProxy = 6224C4B917641903006324F8 /* PBXContainerItemProxy */;
		};
/* End PBXTargetDependency section */

/* Begin PBXVariantGroup section */
		6224C49E17641903006324F8 /* InfoPlist.strings */ = {
			isa = PBXVariantGroup;
			children = (
				6224C49F17641903006324F8 /* en */,
			);
			name = InfoPlist.strings;
			sourceTree = "<group>";
		};
		6224C4A417641903006324F8 /* Credits.rtf */ = {
			isa = PBXVariantGroup;
			children = (
				6224C4A517641903006324F8 /* en */,
			);
			name = Credits.rtf;
			sourceTree = "<group>";
		};
		6224C4AA17641903006324F8 /* Document.xib */ = {
			isa = PBXVariantGroup;
			children = (
				6224C4AB17641903006324F8 /* en */,
			);
			name = Document.xib;
			sourceTree = "<group>";
		};
		6224C4AD17641903006324F8 /* MainMenu.xib */ = {
			isa = PBXVariantGroup;
			children = (
				6224C4AE17641903006324F8 /* en */,
			);
			name = MainMenu.xib;
			sourceTree = "<group>";
		};
		6224C4BE17641903006324F8 /* InfoPlist.strings */ = {
			isa = PBXVariantGroup;
			children = (
				6224C4BF17641903006324F8 /* en */,
			);
			name = InfoPlist.strings;
			sourceTree = "<group>";
		};
/* End PBXVariantGroup section */

/* Begin XCBuildConfiguration section */
		6224C4C417641903006324F8 /* Debug */ = {
			isa = XCBuildConfiguration;
			buildSettings = {
				ALWAYS_SEARCH_USER_PATHS = NO;
				ARCHS = "$(ARCHS_STANDARD_64_BIT)";
				CLANG_CXX_LANGUAGE_STANDARD = "gnu++0x";
				CLANG_CXX_LIBRARY = "libc++";
				CLANG_ENABLE_OBJC_ARC = YES;
				CLANG_WARN_CONSTANT_CONVERSION = YES;
				CLANG_WARN_EMPTY_BODY = YES;
				CLANG_WARN_ENUM_CONVERSION = YES;
				CLANG_WARN_INT_CONVERSION = YES;
				CLANG_WARN__DUPLICATE_METHOD_MATCH = YES;
				COPY_PHASE_STRIP = NO;
				GCC_C_LANGUAGE_STANDARD = gnu99;
				GCC_DYNAMIC_NO_PIC = NO;
				GCC_ENABLE_OBJC_EXCEPTIONS = YES;
				GCC_OPTIMIZATION_LEVEL = 0;
				GCC_PREPROCESSOR_DEFINITIONS = (
					"DEBUG=1",
					"$(inherited)",
				);
				GCC_SYMBOLS_PRIVATE_EXTERN = NO;
				GCC_WARN_64_TO_32_BIT_CONVERSION = YES;
				GCC_WARN_ABOUT_RETURN_TYPE = YES;
				GCC_WARN_UNINITIALIZED_AUTOS = YES;
				GCC_WARN_UNUSED_VARIABLE = YES;
				MACOSX_DEPLOYMENT_TARGET = 10.8;
				ONLY_ACTIVE_ARCH = YES;
				SDKROOT = macosx;
			};
			name = Debug;
		};
		6224C4C517641903006324F8 /* Release */ = {
			isa = XCBuildConfiguration;
			buildSettings = {
				ALWAYS_SEARCH_USER_PATHS = NO;
				ARCHS = "$(ARCHS_STANDARD_64_BIT)";
				CLANG_CXX_LANGUAGE_STANDARD = "gnu++0x";
				CLANG_CXX_LIBRARY = "libc++";
				CLANG_ENABLE_OBJC_ARC = YES;
				CLANG_WARN_CONSTANT_CONVERSION = YES;
				CLANG_WARN_EMPTY_BODY = YES;
				CLANG_WARN_ENUM_CONVERSION = YES;
				CLANG_WARN_INT_CONVERSION = YES;
				CLANG_WARN__DUPLICATE_METHOD_MATCH = YES;
				COPY_PHASE_STRIP = YES;
				DEBUG_INFORMATION_FORMAT = "dwarf-with-dsym";
				GCC_C_LANGUAGE_STANDARD = gnu99;
				GCC_ENABLE_OBJC_EXCEPTIONS = YES;
				GCC_WARN_64_TO_32_BIT_CONVERSION = YES;
				GCC_WARN_ABOUT_RETURN_TYPE = YES;
				GCC_WARN_UNINITIALIZED_AUTOS = YES;
				GCC_WARN_UNUSED_VARIABLE = YES;
				MACOSX_DEPLOYMENT_TARGET = 10.8;
				SDKROOT = macosx;
			};
			name = Release;
		};
		6224C4C717641903006324F8 /* Debug */ = {
			isa = XCBuildConfiguration;
			buildSettings = {
				COMBINE_HIDPI_IMAGES = YES;
				GCC_PRECOMPILE_PREFIX_HEADER = YES;
				GCC_PREFIX_HEADER = "creatures-mac/creatures-mac-Prefix.pch";
				INFOPLIST_FILE = "creatures-mac/creatures-mac-Info.plist";
				PRODUCT_NAME = "$(TARGET_NAME)";
				WRAPPER_EXTENSION = app;
			};
			name = Debug;
		};
		6224C4C817641903006324F8 /* Release */ = {
			isa = XCBuildConfiguration;
			buildSettings = {
				COMBINE_HIDPI_IMAGES = YES;
				GCC_PRECOMPILE_PREFIX_HEADER = YES;
				GCC_PREFIX_HEADER = "creatures-mac/creatures-mac-Prefix.pch";
				INFOPLIST_FILE = "creatures-mac/creatures-mac-Info.plist";
				PRODUCT_NAME = "$(TARGET_NAME)";
				WRAPPER_EXTENSION = app;
			};
			name = Release;
		};
		6224C4CA17641903006324F8 /* Debug */ = {
			isa = XCBuildConfiguration;
			buildSettings = {
				BUNDLE_LOADER = "$(BUILT_PRODUCTS_DIR)/creatures-mac.app/Contents/MacOS/creatures-mac";
				COMBINE_HIDPI_IMAGES = YES;
				FRAMEWORK_SEARCH_PATHS = "\"$(DEVELOPER_LIBRARY_DIR)/Frameworks\"";
				GCC_PRECOMPILE_PREFIX_HEADER = YES;
				GCC_PREFIX_HEADER = "creatures-mac/creatures-mac-Prefix.pch";
				INFOPLIST_FILE = "creatures-macTests/creatures-macTests-Info.plist";
				PRODUCT_NAME = "$(TARGET_NAME)";
				TEST_HOST = "$(BUNDLE_LOADER)";
				WRAPPER_EXTENSION = octest;
			};
			name = Debug;
		};
		6224C4CB17641903006324F8 /* Release */ = {
			isa = XCBuildConfiguration;
			buildSettings = {
				BUNDLE_LOADER = "$(BUILT_PRODUCTS_DIR)/creatures-mac.app/Contents/MacOS/creatures-mac";
				COMBINE_HIDPI_IMAGES = YES;
				FRAMEWORK_SEARCH_PATHS = "\"$(DEVELOPER_LIBRARY_DIR)/Frameworks\"";
				GCC_PRECOMPILE_PREFIX_HEADER = YES;
				GCC_PREFIX_HEADER = "creatures-mac/creatures-mac-Prefix.pch";
				INFOPLIST_FILE = "creatures-macTests/creatures-macTests-Info.plist";
				PRODUCT_NAME = "$(TARGET_NAME)";
				TEST_HOST = "$(BUNDLE_LOADER)";
				WRAPPER_EXTENSION = octest;
			};
			name = Release;
		};
/* End XCBuildConfiguration section */

/* Begin XCConfigurationList section */
		6224C48D17641903006324F8 /* Build configuration list for PBXProject "creatures-mac" */ = {
			isa = XCConfigurationList;
			buildConfigurations = (
				6224C4C417641903006324F8 /* Debug */,
				6224C4C517641903006324F8 /* Release */,
			);
			defaultConfigurationIsVisible = 0;
			defaultConfigurationName = Release;
		};
		6224C4C617641903006324F8 /* Build configuration list for PBXNativeTarget "creatures-mac" */ = {
			isa = XCConfigurationList;
			buildConfigurations = (
				6224C4C717641903006324F8 /* Debug */,
				6224C4C817641903006324F8 /* Release */,
			);
			defaultConfigurationIsVisible = 0;
		};
		6224C4C917641903006324F8 /* Build configuration list for PBXNativeTarget "creatures-macTests" */ = {
			isa = XCConfigurationList;
			buildConfigurations = (
				6224C4CA17641903006324F8 /* Debug */,
				6224C4CB17641903006324F8 /* Release */,
			);
			defaultConfigurationIsVisible = 0;
		};
/* End XCConfigurationList section */
	};
	rootObject = 6224C48A17641903006324F8 /* Project object */;
}
