{
  "pins" : [
    {
      "identity" : "swiftpriorityqueue",
      "kind" : "remoteSourceControl",
      "location" : "git@github.com:davecom/SwiftPriorityQueue.git",
      "state" : {
        "branch" : "master",
        "revision" : "42e8789c6d2464254c2e0322bd824ec509de678b"
      }
    }
  ],
  "version" : 2
}
