// !$*UTF8*$!
{
	archiveVersion = 1;
	classes = {
	};
	objectVersion = 48;
	objects = {

/* Begin PBXBuildFile section */
		62166FA11D8CB87E003540D4 /* TestAbility.swift in Sources */ = {isa = PBXBuildFile; fileRef = 62166FA01D8CB87E003540D4 /* TestAbility.swift */; };
		62166FA61D8CBA70003540D4 /* TestD20Ability.swift in Sources */ = {isa = PBXBuildFile; fileRef = 62166FA51D8CBA70003540D4 /* TestD20Ability.swift */; };
		6222E0551DB48D7E0031FD74 /* Creature.swift in Sources */ = {isa = PBXBuildFile; fileRef = 6222E0541DB48D7E0031FD74 /* Creature.swift */; };
		6228505D1978ECB000DE985E /* AppDelegate.swift in Sources */ = {isa = PBXBuildFile; fileRef = 6228505C1978ECB000DE985E /* AppDelegate.swift */; };
		623ED20D2869477F004AB64D /* LaunchScreen.storyboard in Resources */ = {isa = PBXBuildFile; fileRef = 623ED20C2869477F004AB64D /* LaunchScreen.storyboard */; };
		62430B071EE90D4100135FA6 /* batch.swift in Sources */ = {isa = PBXBuildFile; fileRef = 62430B061EE9093F00135FA6 /* batch.swift */; };
		624363F428696D0900ED64CE /* CharacterView.swift in Sources */ = {isa = PBXBuildFile; fileRef = 624363F328696D0900ED64CE /* CharacterView.swift */; };
		6243EC7628774E5F0069B1DE /* ProtoCharacter.swift in Sources */ = {isa = PBXBuildFile; fileRef = 6243EC7528774E5F0069B1DE /* ProtoCharacter.swift */; };
		6243EC7728774E5F0069B1DE /* ProtoCharacter.swift in Sources */ = {isa = PBXBuildFile; fileRef = 6243EC7528774E5F0069B1DE /* ProtoCharacter.swift */; };
		624AE9D21E17528C00DD9782 /* (null) in Resources */ = {isa = PBXBuildFile; };
		624C5AE41EEBB59700B161F1 /* Dice.swift in Sources */ = {isa = PBXBuildFile; fileRef = 624C5AE31EEBB59700B161F1 /* Dice.swift */; };
		624C5AE51EEBB59700B161F1 /* Dice.swift in Sources */ = {isa = PBXBuildFile; fileRef = 624C5AE31EEBB59700B161F1 /* Dice.swift */; };
		624C5B041EEBB9E900B161F1 /* SwiftPriorityQueue.swift in Sources */ = {isa = PBXBuildFile; fileRef = 624C5AEF1EEBB97C00B161F1 /* SwiftPriorityQueue.swift */; };
		624C5B051EEBB9EA00B161F1 /* SwiftPriorityQueue.swift in Sources */ = {isa = PBXBuildFile; fileRef = 624C5AEF1EEBB97C00B161F1 /* SwiftPriorityQueue.swift */; };
		624C5B891EA9AC7A007BF969 /* main.swift in Sources */ = {isa = PBXBuildFile; fileRef = 624C5B881EA9AC7A007BF969 /* main.swift */; };
		624C5B8D1EA9AD5F007BF969 /* Creatures.xcdatamodeld in Sources */ = {isa = PBXBuildFile; fileRef = 62EDDBFE1DD96D950027A719 /* Creatures.xcdatamodeld */; };
		624C5B901EA9AD6D007BF969 /* TransactionsModel+CoreDataClass.swift in Sources */ = {isa = PBXBuildFile; fileRef = 625824851E17B4CA0049DE03 /* TransactionsModel+CoreDataClass.swift */; };
		624C5B911EA9AD6D007BF969 /* TransactionsModel+CoreDataProperties.swift in Sources */ = {isa = PBXBuildFile; fileRef = 625824861E17B4CA0049DE03 /* TransactionsModel+CoreDataProperties.swift */; };
		624C5B961EA9AD75007BF969 /* TransactionsController.swift in Sources */ = {isa = PBXBuildFile; fileRef = 62C1545C1DD9789C00D5DAAC /* TransactionsController.swift */; };
		624C5B971EA9AD75007BF969 /* Transaction.swift in Sources */ = {isa = PBXBuildFile; fileRef = 62C1545F1DD978DC00D5DAAC /* Transaction.swift */; };
		624C5B991EA9AD7A007BF969 /* Prefs.swift in Sources */ = {isa = PBXBuildFile; fileRef = 6288E1D11A4E7A63009F7CE2 /* Prefs.swift */; };
		624C5B9A1EA9AD7F007BF969 /* Creature.swift in Sources */ = {isa = PBXBuildFile; fileRef = 6222E0541DB48D7E0031FD74 /* Creature.swift */; };
		624C5B9B1EA9AD83007BF969 /* Ability.swift in Sources */ = {isa = PBXBuildFile; fileRef = 62D02FBE1D7236A100CB6CA6 /* Ability.swift */; };
		624C5B9C1EA9AD87007BF969 /* d20Ability.swift in Sources */ = {isa = PBXBuildFile; fileRef = 62D02FC01D72381A00CB6CA6 /* d20Ability.swift */; };
		624C5B9D1EA9AD87007BF969 /* d20Bonus.swift in Sources */ = {isa = PBXBuildFile; fileRef = 62D02FC21D7238A500CB6CA6 /* d20Bonus.swift */; };
		624C5B9E1EA9AD8C007BF969 /* PathfinderAbility.swift in Sources */ = {isa = PBXBuildFile; fileRef = 62D02FB71D72361800CB6CA6 /* PathfinderAbility.swift */; };
		624C5BA01EA9ADA4007BF969 /* CreaturesController.swift in Sources */ = {isa = PBXBuildFile; fileRef = 62C6A0251B2B24B8006B50D2 /* CreaturesController.swift */; };
		624C5BA11EA9ADB7007BF969 /* CharactersContext.swift in Sources */ = {isa = PBXBuildFile; fileRef = 627426761B733A910051A5E5 /* CharactersContext.swift */; };
		625073CF1F2507A3005D1996 /* CreatureBuilder.swift in Sources */ = {isa = PBXBuildFile; fileRef = 625073CE1F2507A3005D1996 /* CreatureBuilder.swift */; };
		625824891E17B4CA0049DE03 /* TransactionsModel+CoreDataClass.swift in Sources */ = {isa = PBXBuildFile; fileRef = 625824851E17B4CA0049DE03 /* TransactionsModel+CoreDataClass.swift */; };
		6258248A1E17B4CA0049DE03 /* TransactionsModel+CoreDataProperties.swift in Sources */ = {isa = PBXBuildFile; fileRef = 625824861E17B4CA0049DE03 /* TransactionsModel+CoreDataProperties.swift */; };
		6258B06B248DCD39000A6C9A /* CreatureModel+CoreDataClass.swift in Sources */ = {isa = PBXBuildFile; fileRef = 6258B06A248DCD39000A6C9A /* CreatureModel+CoreDataClass.swift */; };
		6258B06C248DCDAD000A6C9A /* CreatureModel+CoreDataClass.swift in Sources */ = {isa = PBXBuildFile; fileRef = 6258B06A248DCD39000A6C9A /* CreatureModel+CoreDataClass.swift */; };
		6258B06D248DCE02000A6C9A /* CreatureModel+CoreDataProperties.swift in Sources */ = {isa = PBXBuildFile; fileRef = 62BF63D9248DC966008BBD40 /* CreatureModel+CoreDataProperties.swift */; };
		625F358E210D61730027C6DD /* Rolls4d6.swift in Sources */ = {isa = PBXBuildFile; fileRef = 625F358D210D61730027C6DD /* Rolls4d6.swift */; };
		626E451528693FC100F50B74 /* SceneDelegate.swift in Sources */ = {isa = PBXBuildFile; fileRef = 626E451428693FC100F50B74 /* SceneDelegate.swift */; };
		626E45182869401200F50B74 /* CharacterBrowser.swift in Sources */ = {isa = PBXBuildFile; fileRef = 626E45172869401200F50B74 /* CharacterBrowser.swift */; };
		627426771B733A910051A5E5 /* CharactersContext.swift in Sources */ = {isa = PBXBuildFile; fileRef = 627426761B733A910051A5E5 /* CharactersContext.swift */; };
		6288E1D21A4E7A63009F7CE2 /* Prefs.swift in Sources */ = {isa = PBXBuildFile; fileRef = 6288E1D11A4E7A63009F7CE2 /* Prefs.swift */; };
		628D61511B2BBCF300D420E1 /* TestCreatures.swift in Sources */ = {isa = PBXBuildFile; fileRef = 622D72A21B2B54A100B3D8F2 /* TestCreatures.swift */; };
		628E4B81220AA41000F58FA8 /* Rolls3d6.swift in Sources */ = {isa = PBXBuildFile; fileRef = 628E4B80220AA41000F58FA8 /* Rolls3d6.swift */; };
		629611791F4023AC00217557 /* d6w6.png in Resources */ = {isa = PBXBuildFile; fileRef = 629611731F4023A800217557 /* d6w6.png */; };
		6296117A1F4023AC00217557 /* d6w5.png in Resources */ = {isa = PBXBuildFile; fileRef = 629611741F4023A900217557 /* d6w5.png */; };
		6296117B1F4023AC00217557 /* d6w2.png in Resources */ = {isa = PBXBuildFile; fileRef = 629611751F4023AA00217557 /* d6w2.png */; };
		6296117C1F4023AC00217557 /* d6w4.png in Resources */ = {isa = PBXBuildFile; fileRef = 629611761F4023AA00217557 /* d6w4.png */; };
		6296117D1F4023AC00217557 /* d6w1.png in Resources */ = {isa = PBXBuildFile; fileRef = 629611771F4023AB00217557 /* d6w1.png */; };
		6296117E1F4023AC00217557 /* d6w3.png in Resources */ = {isa = PBXBuildFile; fileRef = 629611781F4023AB00217557 /* d6w3.png */; };
		629EF2DF286E48D4000D984E /* AbilityGridRow.swift in Sources */ = {isa = PBXBuildFile; fileRef = 629EF2DE286E48D4000D984E /* AbilityGridRow.swift */; };
		62A2A1002883C84300B07DCE /* AbilitiesController.swift in Sources */ = {isa = PBXBuildFile; fileRef = 62A2A0FF2883C84300B07DCE /* AbilitiesController.swift */; };
		62A2A1012883C84300B07DCE /* AbilitiesController.swift in Sources */ = {isa = PBXBuildFile; fileRef = 62A2A0FF2883C84300B07DCE /* AbilitiesController.swift */; };
		62ACB3D01DD457FD00D7BA89 /* Images.xcassets in Resources */ = {isa = PBXBuildFile; fileRef = 62ACB3CF1DD457FD00D7BA89 /* Images.xcassets */; };
		62B306BA28752EE20082779F /* NewCharacterWizard.swift in Sources */ = {isa = PBXBuildFile; fileRef = 62B306B928752EE20082779F /* NewCharacterWizard.swift */; };
		62BEFA621EB2EDE600511D87 /* interactive.swift in Sources */ = {isa = PBXBuildFile; fileRef = 62BEFA611EB2EDE600511D87 /* interactive.swift */; };
		62BF63DA248DC966008BBD40 /* CreatureModel+CoreDataProperties.swift in Sources */ = {isa = PBXBuildFile; fileRef = 62BF63D9248DC966008BBD40 /* CreatureModel+CoreDataProperties.swift */; };
		62C1545D1DD9789C00D5DAAC /* TransactionsController.swift in Sources */ = {isa = PBXBuildFile; fileRef = 62C1545C1DD9789C00D5DAAC /* TransactionsController.swift */; };
		62C154601DD978DC00D5DAAC /* Transaction.swift in Sources */ = {isa = PBXBuildFile; fileRef = 62C1545F1DD978DC00D5DAAC /* Transaction.swift */; };
		62C6A0051B2B2238006B50D2 /* TestPrefs.swift in Sources */ = {isa = PBXBuildFile; fileRef = 62C6A0041B2B2238006B50D2 /* TestPrefs.swift */; };
		62C6A0261B2B24B8006B50D2 /* CreaturesController.swift in Sources */ = {isa = PBXBuildFile; fileRef = 62C6A0251B2B24B8006B50D2 /* CreaturesController.swift */; };
		62D02FB81D72361800CB6CA6 /* PathfinderAbility.swift in Sources */ = {isa = PBXBuildFile; fileRef = 62D02FB71D72361800CB6CA6 /* PathfinderAbility.swift */; };
		62D02FBF1D7236A100CB6CA6 /* Ability.swift in Sources */ = {isa = PBXBuildFile; fileRef = 62D02FBE1D7236A100CB6CA6 /* Ability.swift */; };
		62D02FC11D72381A00CB6CA6 /* d20Ability.swift in Sources */ = {isa = PBXBuildFile; fileRef = 62D02FC01D72381A00CB6CA6 /* d20Ability.swift */; };
		62D02FC31D7238A500CB6CA6 /* d20Bonus.swift in Sources */ = {isa = PBXBuildFile; fileRef = 62D02FC21D7238A500CB6CA6 /* d20Bonus.swift */; };
		62D02FC51D73437B00CB6CA6 /* TestD20Bonuses.swift in Sources */ = {isa = PBXBuildFile; fileRef = 62D02FC41D73437B00CB6CA6 /* TestD20Bonuses.swift */; };
		62E17BB928777D43001885BF /* WelcomeScreen.swift in Sources */ = {isa = PBXBuildFile; fileRef = 62E17BB828777D43001885BF /* WelcomeScreen.swift */; };
		62EDDC031DD96D950027A719 /* Creatures.xcdatamodeld in Sources */ = {isa = PBXBuildFile; fileRef = 62EDDBFE1DD96D950027A719 /* Creatures.xcdatamodeld */; };
/* End PBXBuildFile section */

/* Begin PBXContainerItemProxy section */
		62B2CB1E1B2A551E0073B8DC /* PBXContainerItemProxy */ = {
			isa = PBXContainerItemProxy;
			containerPortal = 6228504D1978EC9600DE985E /* Project object */;
			proxyType = 1;
			remoteGlobalIDString = 622850561978ECB000DE985E;
			remoteInfo = Characters;
		};
/* End PBXContainerItemProxy section */

/* Begin PBXCopyFilesBuildPhase section */
		624C5B841EA9AC7A007BF969 /* CopyFiles */ = {
			isa = PBXCopyFilesBuildPhase;
			buildActionMask = 2147483647;
			dstPath = /usr/share/man/man1/;
			dstSubfolderSpec = 0;
			files = (
			);
			runOnlyForDeploymentPostprocessing = 1;
		};
/* End PBXCopyFilesBuildPhase section */

/* Begin PBXFileReference section */
		62166FA01D8CB87E003540D4 /* TestAbility.swift */ = {isa = PBXFileReference; fileEncoding = 4; lastKnownFileType = sourcecode.swift; name = TestAbility.swift; path = "Common Tests/TestAbility.swift"; sourceTree = SOURCE_ROOT; };
		62166FA51D8CBA70003540D4 /* TestD20Ability.swift */ = {isa = PBXFileReference; fileEncoding = 4; lastKnownFileType = sourcecode.swift; name = TestD20Ability.swift; path = "Common Tests/TestD20Ability.swift"; sourceTree = SOURCE_ROOT; };
		6222E0541DB48D7E0031FD74 /* Creature.swift */ = {isa = PBXFileReference; fileEncoding = 4; lastKnownFileType = sourcecode.swift; path = Creature.swift; sourceTree = "<group>"; };
		622850571978ECB000DE985E /* Characters.app */ = {isa = PBXFileReference; explicitFileType = wrapper.application; includeInIndex = 0; path = Characters.app; sourceTree = BUILT_PRODUCTS_DIR; };
		6228505B1978ECB000DE985E /* Info.plist */ = {isa = PBXFileReference; lastKnownFileType = text.plist.xml; path = Info.plist; sourceTree = "<group>"; };
		6228505C1978ECB000DE985E /* AppDelegate.swift */ = {isa = PBXFileReference; lastKnownFileType = sourcecode.swift; path = AppDelegate.swift; sourceTree = "<group>"; };
		622D72A21B2B54A100B3D8F2 /* TestCreatures.swift */ = {isa = PBXFileReference; fileEncoding = 4; lastKnownFileType = sourcecode.swift; name = TestCreatures.swift; path = "iOS Tests/TestCreatures.swift"; sourceTree = SOURCE_ROOT; };
		623ED20C2869477F004AB64D /* LaunchScreen.storyboard */ = {isa = PBXFileReference; fileEncoding = 4; lastKnownFileType = file.storyboard; path = LaunchScreen.storyboard; sourceTree = "<group>"; };
		62430B061EE9093F00135FA6 /* batch.swift */ = {isa = PBXFileReference; lastKnownFileType = sourcecode.swift; path = batch.swift; sourceTree = "<group>"; };
		624363F328696D0900ED64CE /* CharacterView.swift */ = {isa = PBXFileReference; lastKnownFileType = sourcecode.swift; path = CharacterView.swift; sourceTree = "<group>"; };
		6243EC7528774E5F0069B1DE /* ProtoCharacter.swift */ = {isa = PBXFileReference; lastKnownFileType = sourcecode.swift; name = ProtoCharacter.swift; path = iOS/Models/ProtoCharacter.swift; sourceTree = SOURCE_ROOT; };
		624AE9DB1E17817A00DD9782 /* Characters 6.xcdatamodel */ = {isa = PBXFileReference; lastKnownFileType = wrapper.xcdatamodel; path = "Characters 6.xcdatamodel"; sourceTree = "<group>"; };
		624C5AE31EEBB59700B161F1 /* Dice.swift */ = {isa = PBXFileReference; lastKnownFileType = sourcecode.swift; name = Dice.swift; path = Utils/Dice.swift; sourceTree = "<group>"; };
		624C5AEB1EEBB97C00B161F1 /* LICENSE */ = {isa = PBXFileReference; lastKnownFileType = text; path = LICENSE; sourceTree = "<group>"; };
		624C5AED1EEBB97C00B161F1 /* README.md */ = {isa = PBXFileReference; lastKnownFileType = net.daringfireball.markdown; path = README.md; sourceTree = "<group>"; };
		624C5AEF1EEBB97C00B161F1 /* SwiftPriorityQueue.swift */ = {isa = PBXFileReference; lastKnownFileType = sourcecode.swift; path = SwiftPriorityQueue.swift; sourceTree = "<group>"; };
		624C5B861EA9AC7A007BF969 /* bj_character */ = {isa = PBXFileReference; explicitFileType = "compiled.mach-o.executable"; includeInIndex = 0; path = bj_character; sourceTree = BUILT_PRODUCTS_DIR; };
		624C5B881EA9AC7A007BF969 /* main.swift */ = {isa = PBXFileReference; lastKnownFileType = sourcecode.swift; path = main.swift; sourceTree = "<group>"; };
		625073CE1F2507A3005D1996 /* CreatureBuilder.swift */ = {isa = PBXFileReference; lastKnownFileType = sourcecode.swift; name = CreatureBuilder.swift; path = Models/CreatureBuilder.swift; sourceTree = "<group>"; };
		625824851E17B4CA0049DE03 /* TransactionsModel+CoreDataClass.swift */ = {isa = PBXFileReference; fileEncoding = 4; lastKnownFileType = sourcecode.swift; name = "TransactionsModel+CoreDataClass.swift"; path = "Models/TransactionsModel+CoreDataClass.swift"; sourceTree = "<group>"; };
		625824861E17B4CA0049DE03 /* TransactionsModel+CoreDataProperties.swift */ = {isa = PBXFileReference; fileEncoding = 4; lastKnownFileType = sourcecode.swift; name = "TransactionsModel+CoreDataProperties.swift"; path = "Models/TransactionsModel+CoreDataProperties.swift"; sourceTree = "<group>"; };
		6258B06A248DCD39000A6C9A /* CreatureModel+CoreDataClass.swift */ = {isa = PBXFileReference; fileEncoding = 4; lastKnownFileType = sourcecode.swift; name = "CreatureModel+CoreDataClass.swift"; path = "Models/CreatureModel+CoreDataClass.swift"; sourceTree = "<group>"; };
		625F358D210D61730027C6DD /* Rolls4d6.swift */ = {isa = PBXFileReference; lastKnownFileType = sourcecode.swift; name = Rolls4d6.swift; path = "Common Files/Utils/Rolls4d6.swift"; sourceTree = SOURCE_ROOT; };
		626E451428693FC100F50B74 /* SceneDelegate.swift */ = {isa = PBXFileReference; fileEncoding = 4; lastKnownFileType = sourcecode.swift; path = SceneDelegate.swift; sourceTree = "<group>"; };
		626E45172869401200F50B74 /* CharacterBrowser.swift */ = {isa = PBXFileReference; lastKnownFileType = sourcecode.swift; path = CharacterBrowser.swift; sourceTree = "<group>"; };
		627426761B733A910051A5E5 /* CharactersContext.swift */ = {isa = PBXFileReference; fileEncoding = 4; lastKnownFileType = sourcecode.swift; path = CharactersContext.swift; sourceTree = "<group>"; };
		6288E1D11A4E7A63009F7CE2 /* Prefs.swift */ = {isa = PBXFileReference; fileEncoding = 4; lastKnownFileType = sourcecode.swift; name = Prefs.swift; path = Utils/Prefs.swift; sourceTree = "<group>"; };
		628E4B80220AA41000F58FA8 /* Rolls3d6.swift */ = {isa = PBXFileReference; lastKnownFileType = sourcecode.swift; name = Rolls3d6.swift; path = Utils/Rolls3d6.swift; sourceTree = "<group>"; };
		629611731F4023A800217557 /* d6w6.png */ = {isa = PBXFileReference; lastKnownFileType = image.png; name = d6w6.png; path = ../../design/d6w6.png; sourceTree = "<group>"; };
		629611741F4023A900217557 /* d6w5.png */ = {isa = PBXFileReference; lastKnownFileType = image.png; name = d6w5.png; path = ../../design/d6w5.png; sourceTree = "<group>"; };
		629611751F4023AA00217557 /* d6w2.png */ = {isa = PBXFileReference; lastKnownFileType = image.png; name = d6w2.png; path = ../../design/d6w2.png; sourceTree = "<group>"; };
		629611761F4023AA00217557 /* d6w4.png */ = {isa = PBXFileReference; lastKnownFileType = image.png; name = d6w4.png; path = ../../design/d6w4.png; sourceTree = "<group>"; };
		629611771F4023AB00217557 /* d6w1.png */ = {isa = PBXFileReference; lastKnownFileType = image.png; name = d6w1.png; path = ../../design/d6w1.png; sourceTree = "<group>"; };
		629611781F4023AB00217557 /* d6w3.png */ = {isa = PBXFileReference; lastKnownFileType = image.png; name = d6w3.png; path = ../../design/d6w3.png; sourceTree = "<group>"; };
		629EF2DE286E48D4000D984E /* AbilityGridRow.swift */ = {isa = PBXFileReference; lastKnownFileType = sourcecode.swift; path = AbilityGridRow.swift; sourceTree = "<group>"; };
		62A2A0FF2883C84300B07DCE /* AbilitiesController.swift */ = {isa = PBXFileReference; lastKnownFileType = sourcecode.swift; path = AbilitiesController.swift; sourceTree = "<group>"; };
		62ACB3CF1DD457FD00D7BA89 /* Images.xcassets */ = {isa = PBXFileReference; lastKnownFileType = folder.assetcatalog; path = Images.xcassets; sourceTree = "<group>"; };
		62B2CB191B2A551E0073B8DC /* iOS-Tests.xctest */ = {isa = PBXFileReference; explicitFileType = wrapper.cfbundle; includeInIndex = 0; path = "iOS-Tests.xctest"; sourceTree = BUILT_PRODUCTS_DIR; };
		62B2CB1D1B2A551E0073B8DC /* Info.plist */ = {isa = PBXFileReference; lastKnownFileType = text.plist.xml; path = Info.plist; sourceTree = "<group>"; };
		62B306B928752EE20082779F /* NewCharacterWizard.swift */ = {isa = PBXFileReference; lastKnownFileType = sourcecode.swift; path = NewCharacterWizard.swift; sourceTree = "<group>"; };
		62BEFA611EB2EDE600511D87 /* interactive.swift */ = {isa = PBXFileReference; fileEncoding = 4; lastKnownFileType = sourcecode.swift; path = interactive.swift; sourceTree = "<group>"; };
		62BF63D9248DC966008BBD40 /* CreatureModel+CoreDataProperties.swift */ = {isa = PBXFileReference; lastKnownFileType = sourcecode.swift; path = "CreatureModel+CoreDataProperties.swift"; sourceTree = "<group>"; };
		62C1545A1DD9779800D5DAAC /* Characters 5.xcdatamodel */ = {isa = PBXFileReference; lastKnownFileType = wrapper.xcdatamodel; path = "Characters 5.xcdatamodel"; sourceTree = "<group>"; };
		62C1545C1DD9789C00D5DAAC /* TransactionsController.swift */ = {isa = PBXFileReference; fileEncoding = 4; lastKnownFileType = sourcecode.swift; path = TransactionsController.swift; sourceTree = "<group>"; };
		62C1545F1DD978DC00D5DAAC /* Transaction.swift */ = {isa = PBXFileReference; fileEncoding = 4; lastKnownFileType = sourcecode.swift; path = Transaction.swift; sourceTree = "<group>"; };
		62C6A0041B2B2238006B50D2 /* TestPrefs.swift */ = {isa = PBXFileReference; fileEncoding = 4; lastKnownFileType = sourcecode.swift; path = TestPrefs.swift; sourceTree = "<group>"; };
		62C6A0251B2B24B8006B50D2 /* CreaturesController.swift */ = {isa = PBXFileReference; fileEncoding = 4; lastKnownFileType = sourcecode.swift; path = CreaturesController.swift; sourceTree = "<group>"; };
		62D02FB71D72361800CB6CA6 /* PathfinderAbility.swift */ = {isa = PBXFileReference; fileEncoding = 4; lastKnownFileType = sourcecode.swift; path = PathfinderAbility.swift; sourceTree = "<group>"; };
		62D02FBE1D7236A100CB6CA6 /* Ability.swift */ = {isa = PBXFileReference; fileEncoding = 4; lastKnownFileType = sourcecode.swift; path = Ability.swift; sourceTree = "<group>"; };
		62D02FC01D72381A00CB6CA6 /* d20Ability.swift */ = {isa = PBXFileReference; fileEncoding = 4; lastKnownFileType = sourcecode.swift; path = d20Ability.swift; sourceTree = "<group>"; };
		62D02FC21D7238A500CB6CA6 /* d20Bonus.swift */ = {isa = PBXFileReference; fileEncoding = 4; lastKnownFileType = sourcecode.swift; path = d20Bonus.swift; sourceTree = "<group>"; };
		62D02FC41D73437B00CB6CA6 /* TestD20Bonuses.swift */ = {isa = PBXFileReference; fileEncoding = 4; lastKnownFileType = sourcecode.swift; name = TestD20Bonuses.swift; path = "Common Tests/TestD20Bonuses.swift"; sourceTree = SOURCE_ROOT; };
		62D6B098248B1F430087C9CD /* Characters.entitlements */ = {isa = PBXFileReference; lastKnownFileType = text.plist.entitlements; path = Characters.entitlements; sourceTree = "<group>"; };
		62E17BB828777D43001885BF /* WelcomeScreen.swift */ = {isa = PBXFileReference; lastKnownFileType = sourcecode.swift; path = WelcomeScreen.swift; sourceTree = "<group>"; };
		62EDDBFF1DD96D950027A719 /* Characters 2.xcdatamodel */ = {isa = PBXFileReference; lastKnownFileType = wrapper.xcdatamodel; path = "Characters 2.xcdatamodel"; sourceTree = "<group>"; };
		62EDDC001DD96D950027A719 /* Characters 3.xcdatamodel */ = {isa = PBXFileReference; lastKnownFileType = wrapper.xcdatamodel; path = "Characters 3.xcdatamodel"; sourceTree = "<group>"; };
		62EDDC011DD96D950027A719 /* Characters 4.xcdatamodel */ = {isa = PBXFileReference; lastKnownFileType = wrapper.xcdatamodel; path = "Characters 4.xcdatamodel"; sourceTree = "<group>"; };
		62EDDC021DD96D950027A719 /* Characters.xcdatamodel */ = {isa = PBXFileReference; lastKnownFileType = wrapper.xcdatamodel; path = Characters.xcdatamodel; sourceTree = "<group>"; };
/* End PBXFileReference section */

/* Begin PBXFrameworksBuildPhase section */
		622850541978ECB000DE985E /* Frameworks */ = {
			isa = PBXFrameworksBuildPhase;
			buildActionMask = 2147483647;
			files = (
			);
			runOnlyForDeploymentPostprocessing = 0;
		};
		624C5B831EA9AC7A007BF969 /* Frameworks */ = {
			isa = PBXFrameworksBuildPhase;
			buildActionMask = 2147483647;
			files = (
			);
			runOnlyForDeploymentPostprocessing = 0;
		};
		62B2CB161B2A551E0073B8DC /* Frameworks */ = {
			isa = PBXFrameworksBuildPhase;
			buildActionMask = 2147483647;
			files = (
			);
			runOnlyForDeploymentPostprocessing = 0;
		};
/* End PBXFrameworksBuildPhase section */

/* Begin PBXGroup section */
		6215D9B71DB47F7000DFBF88 /* Models */ = {
			isa = PBXGroup;
			children = (
				6258B06A248DCD39000A6C9A /* CreatureModel+CoreDataClass.swift */,
				625073CE1F2507A3005D1996 /* CreatureBuilder.swift */,
				62BF63D9248DC966008BBD40 /* CreatureModel+CoreDataProperties.swift */,
				625824851E17B4CA0049DE03 /* TransactionsModel+CoreDataClass.swift */,
				625824861E17B4CA0049DE03 /* TransactionsModel+CoreDataProperties.swift */,
				62EDDBFE1DD96D950027A719 /* Creatures.xcdatamodeld */,
			);
			name = Models;
			sourceTree = "<group>";
		};
		62166FA31D8CB88C003540D4 /* Common Tests */ = {
			isa = PBXGroup;
			children = (
				62166FA01D8CB87E003540D4 /* TestAbility.swift */,
				62166FA51D8CBA70003540D4 /* TestD20Ability.swift */,
				62D02FC41D73437B00CB6CA6 /* TestD20Bonuses.swift */,
			);
			name = "Common Tests";
			sourceTree = "<group>";
		};
		62166FA41D8CB8A0003540D4 /* Tests */ = {
			isa = PBXGroup;
			children = (
				62166FA31D8CB88C003540D4 /* Common Tests */,
				62B2CB1A1B2A551E0073B8DC /* iOS Tests */,
			);
			name = Tests;
			sourceTree = "<group>";
		};
		6222E0521DB48CE70031FD74 /* Utils */ = {
			isa = PBXGroup;
			children = (
				624C5AE31EEBB59700B161F1 /* Dice.swift */,
				6288E1D11A4E7A63009F7CE2 /* Prefs.swift */,
				625F358D210D61730027C6DD /* Rolls4d6.swift */,
				628E4B80220AA41000F58FA8 /* Rolls3d6.swift */,
			);
			name = Utils;
			sourceTree = "<group>";
		};
		6228504C1978EC9600DE985E = {
			isa = PBXGroup;
			children = (
				624C5AE61EEBB97C00B161F1 /* SwiftPriorityQueue */,
				622850AA1978ED7900DE985E /* Common Files */,
				622850591978ECB000DE985E /* iOS */,
				62166FA41D8CB8A0003540D4 /* Tests */,
				624C5B871EA9AC7A007BF969 /* bj_character */,
				622850581978ECB000DE985E /* Products */,
			);
			sourceTree = "<group>";
		};
		622850581978ECB000DE985E /* Products */ = {
			isa = PBXGroup;
			children = (
				622850571978ECB000DE985E /* Characters.app */,
				62B2CB191B2A551E0073B8DC /* iOS-Tests.xctest */,
				624C5B861EA9AC7A007BF969 /* bj_character */,
			);
			name = Products;
			sourceTree = "<group>";
		};
		622850591978ECB000DE985E /* iOS */ = {
			isa = PBXGroup;
			children = (
				62D6B098248B1F430087C9CD /* Characters.entitlements */,
				628E4B7F220AA39100F58FA8 /* Models */,
				626A3D7D19CBE5AF00B3222D /* Resources */,
				626E451628693FE900F50B74 /* Views */,
				6228505C1978ECB000DE985E /* AppDelegate.swift */,
				626E451428693FC100F50B74 /* SceneDelegate.swift */,
				6228505A1978ECB000DE985E /* Supporting Files */,
			);
			path = iOS;
			sourceTree = "<group>";
		};
		6228505A1978ECB000DE985E /* Supporting Files */ = {
			isa = PBXGroup;
			children = (
				6228505B1978ECB000DE985E /* Info.plist */,
			);
			name = "Supporting Files";
			sourceTree = "<group>";
		};
		622850AA1978ED7900DE985E /* Common Files */ = {
			isa = PBXGroup;
			children = (
				62EDDC041DD96DD00027A719 /* Attributes */,
				6215D9B71DB47F7000DFBF88 /* Models */,
				62C154561DD9767900D5DAAC /* Transactions */,
				6222E0521DB48CE70031FD74 /* Utils */,
			);
			path = "Common Files";
			sourceTree = SOURCE_ROOT;
		};
		624C5AE61EEBB97C00B161F1 /* SwiftPriorityQueue */ = {
			isa = PBXGroup;
			children = (
				624C5AEB1EEBB97C00B161F1 /* LICENSE */,
				624C5AED1EEBB97C00B161F1 /* README.md */,
				624C5AEE1EEBB97C00B161F1 /* Sources */,
			);
			path = SwiftPriorityQueue;
			sourceTree = "<group>";
		};
		624C5AEE1EEBB97C00B161F1 /* Sources */ = {
			isa = PBXGroup;
			children = (
				624C5AEF1EEBB97C00B161F1 /* SwiftPriorityQueue.swift */,
			);
			path = Sources;
			sourceTree = "<group>";
		};
		624C5B871EA9AC7A007BF969 /* bj_character */ = {
			isa = PBXGroup;
			children = (
				62430B061EE9093F00135FA6 /* batch.swift */,
				624C5B881EA9AC7A007BF969 /* main.swift */,
				62BEFA611EB2EDE600511D87 /* interactive.swift */,
			);
			path = bj_character;
			sourceTree = "<group>";
		};
		626A3D7D19CBE5AF00B3222D /* Resources */ = {
			isa = PBXGroup;
			children = (
				62ACB3CF1DD457FD00D7BA89 /* Images.xcassets */,
				629611771F4023AB00217557 /* d6w1.png */,
				629611751F4023AA00217557 /* d6w2.png */,
				629611781F4023AB00217557 /* d6w3.png */,
				629611761F4023AA00217557 /* d6w4.png */,
				629611741F4023A900217557 /* d6w5.png */,
				629611731F4023A800217557 /* d6w6.png */,
				623ED20C2869477F004AB64D /* LaunchScreen.storyboard */,
			);
			name = Resources;
			sourceTree = "<group>";
		};
		626E451628693FE900F50B74 /* Views */ = {
			isa = PBXGroup;
			children = (
				629EF2DE286E48D4000D984E /* AbilityGridRow.swift */,
				624363F328696D0900ED64CE /* CharacterView.swift */,
				626E45172869401200F50B74 /* CharacterBrowser.swift */,
				62B306B928752EE20082779F /* NewCharacterWizard.swift */,
				62E17BB828777D43001885BF /* WelcomeScreen.swift */,
			);
			path = Views;
			sourceTree = "<group>";
		};
		628E4B7F220AA39100F58FA8 /* Models */ = {
			isa = PBXGroup;
			children = (
				627426761B733A910051A5E5 /* CharactersContext.swift */,
				6222E0541DB48D7E0031FD74 /* Creature.swift */,
				62C6A0251B2B24B8006B50D2 /* CreaturesController.swift */,
				6243EC7528774E5F0069B1DE /* ProtoCharacter.swift */,
			);
			path = Models;
			sourceTree = "<group>";
		};
		62B2CB1A1B2A551E0073B8DC /* iOS Tests */ = {
			isa = PBXGroup;
			children = (
				622D72A21B2B54A100B3D8F2 /* TestCreatures.swift */,
				62C6A0041B2B2238006B50D2 /* TestPrefs.swift */,
				62B2CB1D1B2A551E0073B8DC /* Info.plist */,
			);
			path = "iOS Tests";
			sourceTree = "<group>";
		};
		62C154561DD9767900D5DAAC /* Transactions */ = {
			isa = PBXGroup;
			children = (
				62C1545C1DD9789C00D5DAAC /* TransactionsController.swift */,
				62C1545F1DD978DC00D5DAAC /* Transaction.swift */,
			);
			name = Transactions;
			path = Attributes/Transactions;
			sourceTree = "<group>";
		};
		62EDDC041DD96DD00027A719 /* Attributes */ = {
			isa = PBXGroup;
			children = (
				62EDDC051DD96DDF0027A719 /* Ability */,
			);
			path = Attributes;
			sourceTree = "<group>";
		};
		62EDDC051DD96DDF0027A719 /* Ability */ = {
			isa = PBXGroup;
			children = (
				62D02FBE1D7236A100CB6CA6 /* Ability.swift */,
				62A2A0FF2883C84300B07DCE /* AbilitiesController.swift */,
				62EDDC061DD96DEF0027A719 /* d20 */,
			);
			path = Ability;
			sourceTree = "<group>";
		};
		62EDDC061DD96DEF0027A719 /* d20 */ = {
			isa = PBXGroup;
			children = (
				62D02FC01D72381A00CB6CA6 /* d20Ability.swift */,
				62D02FC21D7238A500CB6CA6 /* d20Bonus.swift */,
				62EDDC071DD96E040027A719 /* D&D3 */,
				62EDDC081DD96E140027A719 /* D&D3.5 */,
				62EDDC091DD96E2B0027A719 /* D&D4 */,
				62EDDC0A1DD96E5A0027A719 /* D&D5 */,
				62EDDC0B1DD96E880027A719 /* Pathfinder */,
			);
			path = d20;
			sourceTree = "<group>";
		};
		62EDDC071DD96E040027A719 /* D&D3 */ = {
			isa = PBXGroup;
			children = (
			);
			path = "D&D3";
			sourceTree = "<group>";
		};
		62EDDC081DD96E140027A719 /* D&D3.5 */ = {
			isa = PBXGroup;
			children = (
			);
			name = "D&D3.5";
			path = DD3.5;
			sourceTree = "<group>";
		};
		62EDDC091DD96E2B0027A719 /* D&D4 */ = {
			isa = PBXGroup;
			children = (
			);
			path = "D&D4";
			sourceTree = "<group>";
		};
		62EDDC0A1DD96E5A0027A719 /* D&D5 */ = {
			isa = PBXGroup;
			children = (
			);
			name = "D&D5";
			path = DD3.5;
			sourceTree = "<group>";
		};
		62EDDC0B1DD96E880027A719 /* Pathfinder */ = {
			isa = PBXGroup;
			children = (
				62D02FB71D72361800CB6CA6 /* PathfinderAbility.swift */,
			);
			path = Pathfinder;
			sourceTree = "<group>";
		};
/* End PBXGroup section */

/* Begin PBXNativeTarget section */
		622850561978ECB000DE985E /* iOS */ = {
			isa = PBXNativeTarget;
			buildConfigurationList = 622850761978ECB000DE985E /* Build configuration list for PBXNativeTarget "iOS" */;
			buildPhases = (
				622850531978ECB000DE985E /* Sources */,
				622850541978ECB000DE985E /* Frameworks */,
				622850551978ECB000DE985E /* Resources */,
			);
			buildRules = (
			);
			dependencies = (
			);
			name = iOS;
			productName = Characters;
			productReference = 622850571978ECB000DE985E /* Characters.app */;
			productType = "com.apple.product-type.application";
		};
		624C5B851EA9AC7A007BF969 /* bj_character */ = {
			isa = PBXNativeTarget;
			buildConfigurationList = 624C5B8C1EA9AC7A007BF969 /* Build configuration list for PBXNativeTarget "bj_character" */;
			buildPhases = (
				624C5B821EA9AC7A007BF969 /* Sources */,
				624C5B831EA9AC7A007BF969 /* Frameworks */,
				624C5B841EA9AC7A007BF969 /* CopyFiles */,
			);
			buildRules = (
			);
			dependencies = (
			);
			name = bj_character;
			productName = bj_character;
			productReference = 624C5B861EA9AC7A007BF969 /* bj_character */;
			productType = "com.apple.product-type.tool";
		};
		62B2CB181B2A551E0073B8DC /* iOS-Tests */ = {
			isa = PBXNativeTarget;
			buildConfigurationList = 62B2CB201B2A551E0073B8DC /* Build configuration list for PBXNativeTarget "iOS-Tests" */;
			buildPhases = (
				62B2CB151B2A551E0073B8DC /* Sources */,
				62B2CB161B2A551E0073B8DC /* Frameworks */,
				62B2CB171B2A551E0073B8DC /* Resources */,
			);
			buildRules = (
			);
			dependencies = (
				62B2CB1F1B2A551E0073B8DC /* PBXTargetDependency */,
			);
			name = "iOS-Tests";
			productName = "iOS-Tests";
			productReference = 62B2CB191B2A551E0073B8DC /* iOS-Tests.xctest */;
			productType = "com.apple.product-type.bundle.unit-test";
		};
/* End PBXNativeTarget section */

/* Begin PBXProject section */
		6228504D1978EC9600DE985E /* Project object */ = {
			isa = PBXProject;
			attributes = {
				LastSwiftUpdateCheck = 0830;
				LastUpgradeCheck = 1420;
				TargetAttributes = {
					622850561978ECB000DE985E = {
						CreatedOnToolsVersion = 6.0;
						LastSwiftMigration = 1000;
					};
					624C5B851EA9AC7A007BF969 = {
						CreatedOnToolsVersion = 8.3.1;
						LastSwiftMigration = 0900;
						ProvisioningStyle = Automatic;
					};
					62B2CB181B2A551E0073B8DC = {
						CreatedOnToolsVersion = 7.0;
						LastSwiftMigration = 0900;
						ProvisioningStyle = Automatic;
						TestTargetID = 622850561978ECB000DE985E;
					};
				};
			};
			buildConfigurationList = 622850501978EC9600DE985E /* Build configuration list for PBXProject "Characters" */;
			compatibilityVersion = "Xcode 8.0";
			developmentRegion = en;
			hasScannedForEncodings = 0;
			knownRegions = (
				en,
				Base,
			);
			mainGroup = 6228504C1978EC9600DE985E;
			productRefGroup = 622850581978ECB000DE985E /* Products */;
			projectDirPath = "";
			projectRoot = "";
			targets = (
				622850561978ECB000DE985E /* iOS */,
				62B2CB181B2A551E0073B8DC /* iOS-Tests */,
				624C5B851EA9AC7A007BF969 /* bj_character */,
			);
		};
/* End PBXProject section */

/* Begin PBXResourcesBuildPhase section */
		622850551978ECB000DE985E /* Resources */ = {
			isa = PBXResourcesBuildPhase;
			buildActionMask = 2147483647;
			files = (
				623ED20D2869477F004AB64D /* LaunchScreen.storyboard in Resources */,
				6296117C1F4023AC00217557 /* d6w4.png in Resources */,
				6296117E1F4023AC00217557 /* d6w3.png in Resources */,
				62ACB3D01DD457FD00D7BA89 /* Images.xcassets in Resources */,
				6296117D1F4023AC00217557 /* d6w1.png in Resources */,
				629611791F4023AC00217557 /* d6w6.png in Resources */,
				624AE9D21E17528C00DD9782 /* (null) in Resources */,
				6296117B1F4023AC00217557 /* d6w2.png in Resources */,
				6296117A1F4023AC00217557 /* d6w5.png in Resources */,
			);
			runOnlyForDeploymentPostprocessing = 0;
		};
		62B2CB171B2A551E0073B8DC /* Resources */ = {
			isa = PBXResourcesBuildPhase;
			buildActionMask = 2147483647;
			files = (
			);
			runOnlyForDeploymentPostprocessing = 0;
		};
/* End PBXResourcesBuildPhase section */

/* Begin PBXSourcesBuildPhase section */
		622850531978ECB000DE985E /* Sources */ = {
			isa = PBXSourcesBuildPhase;
			buildActionMask = 2147483647;
			files = (
				627426771B733A910051A5E5 /* CharactersContext.swift in Sources */,
				629EF2DF286E48D4000D984E /* AbilityGridRow.swift in Sources */,
				62E17BB928777D43001885BF /* WelcomeScreen.swift in Sources */,
				6222E0551DB48D7E0031FD74 /* Creature.swift in Sources */,
				625F358E210D61730027C6DD /* Rolls4d6.swift in Sources */,
				626E45182869401200F50B74 /* CharacterBrowser.swift in Sources */,
				624363F428696D0900ED64CE /* CharacterView.swift in Sources */,
				6288E1D21A4E7A63009F7CE2 /* Prefs.swift in Sources */,
				6228505D1978ECB000DE985E /* AppDelegate.swift in Sources */,
				62D02FB81D72361800CB6CA6 /* PathfinderAbility.swift in Sources */,
				62C1545D1DD9789C00D5DAAC /* TransactionsController.swift in Sources */,
				626E451528693FC100F50B74 /* SceneDelegate.swift in Sources */,
				6258248A1E17B4CA0049DE03 /* TransactionsModel+CoreDataProperties.swift in Sources */,
				6258B06B248DCD39000A6C9A /* CreatureModel+CoreDataClass.swift in Sources */,
				625073CF1F2507A3005D1996 /* CreatureBuilder.swift in Sources */,
				62EDDC031DD96D950027A719 /* Creatures.xcdatamodeld in Sources */,
				62A2A1002883C84300B07DCE /* AbilitiesController.swift in Sources */,
				625824891E17B4CA0049DE03 /* TransactionsModel+CoreDataClass.swift in Sources */,
				628E4B81220AA41000F58FA8 /* Rolls3d6.swift in Sources */,
				62C154601DD978DC00D5DAAC /* Transaction.swift in Sources */,
				62B306BA28752EE20082779F /* NewCharacterWizard.swift in Sources */,
				624C5B041EEBB9E900B161F1 /* SwiftPriorityQueue.swift in Sources */,
				62C6A0261B2B24B8006B50D2 /* CreaturesController.swift in Sources */,
				62BF63DA248DC966008BBD40 /* CreatureModel+CoreDataProperties.swift in Sources */,
				62D02FC11D72381A00CB6CA6 /* d20Ability.swift in Sources */,
				62D02FC31D7238A500CB6CA6 /* d20Bonus.swift in Sources */,
				6243EC7628774E5F0069B1DE /* ProtoCharacter.swift in Sources */,
				624C5AE41EEBB59700B161F1 /* Dice.swift in Sources */,
				62D02FBF1D7236A100CB6CA6 /* Ability.swift in Sources */,
			);
			runOnlyForDeploymentPostprocessing = 0;
		};
		624C5B821EA9AC7A007BF969 /* Sources */ = {
			isa = PBXSourcesBuildPhase;
			buildActionMask = 2147483647;
			files = (
				624C5B9D1EA9AD87007BF969 /* d20Bonus.swift in Sources */,
				624C5B901EA9AD6D007BF969 /* TransactionsModel+CoreDataClass.swift in Sources */,
				624C5AE51EEBB59700B161F1 /* Dice.swift in Sources */,
				624C5B991EA9AD7A007BF969 /* Prefs.swift in Sources */,
				6258B06C248DCDAD000A6C9A /* CreatureModel+CoreDataClass.swift in Sources */,
				624C5B051EEBB9EA00B161F1 /* SwiftPriorityQueue.swift in Sources */,
				624C5B9E1EA9AD8C007BF969 /* PathfinderAbility.swift in Sources */,
				62A2A1012883C84300B07DCE /* AbilitiesController.swift in Sources */,
				624C5BA01EA9ADA4007BF969 /* CreaturesController.swift in Sources */,
				624C5B971EA9AD75007BF969 /* Transaction.swift in Sources */,
				624C5BA11EA9ADB7007BF969 /* CharactersContext.swift in Sources */,
				62430B071EE90D4100135FA6 /* batch.swift in Sources */,
				6258B06D248DCE02000A6C9A /* CreatureModel+CoreDataProperties.swift in Sources */,
				62BEFA621EB2EDE600511D87 /* interactive.swift in Sources */,
				624C5B911EA9AD6D007BF969 /* TransactionsModel+CoreDataProperties.swift in Sources */,
				624C5B891EA9AC7A007BF969 /* main.swift in Sources */,
				624C5B8D1EA9AD5F007BF969 /* Creatures.xcdatamodeld in Sources */,
				624C5B9A1EA9AD7F007BF969 /* Creature.swift in Sources */,
				6243EC7728774E5F0069B1DE /* ProtoCharacter.swift in Sources */,
				624C5B9C1EA9AD87007BF969 /* d20Ability.swift in Sources */,
				624C5B9B1EA9AD83007BF969 /* Ability.swift in Sources */,
				624C5B961EA9AD75007BF969 /* TransactionsController.swift in Sources */,
			);
			runOnlyForDeploymentPostprocessing = 0;
		};
		62B2CB151B2A551E0073B8DC /* Sources */ = {
			isa = PBXSourcesBuildPhase;
			buildActionMask = 2147483647;
			files = (
				62D02FC51D73437B00CB6CA6 /* TestD20Bonuses.swift in Sources */,
				62166FA61D8CBA70003540D4 /* TestD20Ability.swift in Sources */,
				628D61511B2BBCF300D420E1 /* TestCreatures.swift in Sources */,
				62166FA11D8CB87E003540D4 /* TestAbility.swift in Sources */,
				62C6A0051B2B2238006B50D2 /* TestPrefs.swift in Sources */,
			);
			runOnlyForDeploymentPostprocessing = 0;
		};
/* End PBXSourcesBuildPhase section */

/* Begin PBXTargetDependency section */
		62B2CB1F1B2A551E0073B8DC /* PBXTargetDependency */ = {
			isa = PBXTargetDependency;
			target = 622850561978ECB000DE985E /* iOS */;
			targetProxy = 62B2CB1E1B2A551E0073B8DC /* PBXContainerItemProxy */;
		};
/* End PBXTargetDependency section */

/* Begin XCBuildConfiguration section */
		622850511978EC9600DE985E /* Debug */ = {
			isa = XCBuildConfiguration;
			buildSettings = {
				CLANG_ANALYZER_LOCALIZABILITY_NONLOCALIZED = YES;
				CLANG_WARN_BLOCK_CAPTURE_AUTORELEASING = YES;
				CLANG_WARN_BOOL_CONVERSION = YES;
				CLANG_WARN_COMMA = YES;
				CLANG_WARN_CONSTANT_CONVERSION = YES;
				CLANG_WARN_DEPRECATED_OBJC_IMPLEMENTATIONS = YES;
				CLANG_WARN_EMPTY_BODY = YES;
				CLANG_WARN_ENUM_CONVERSION = YES;
				CLANG_WARN_INFINITE_RECURSION = YES;
				CLANG_WARN_INT_CONVERSION = YES;
				CLANG_WARN_NON_LITERAL_NULL_CONVERSION = YES;
				CLANG_WARN_OBJC_IMPLICIT_RETAIN_SELF = YES;
				CLANG_WARN_OBJC_LITERAL_CONVERSION = YES;
				CLANG_WARN_QUOTED_INCLUDE_IN_FRAMEWORK_HEADER = YES;
				CLANG_WARN_RANGE_LOOP_ANALYSIS = YES;
				CLANG_WARN_STRICT_PROTOTYPES = YES;
				CLANG_WARN_SUSPICIOUS_MOVE = YES;
				CLANG_WARN_UNREACHABLE_CODE = YES;
				CLANG_WARN__DUPLICATE_METHOD_MATCH = YES;
				DEAD_CODE_STRIPPING = YES;
				ENABLE_STRICT_OBJC_MSGSEND = YES;
				ENABLE_TESTABILITY = YES;
				GCC_NO_COMMON_BLOCKS = YES;
				GCC_WARN_64_TO_32_BIT_CONVERSION = YES;
				GCC_WARN_ABOUT_RETURN_TYPE = YES;
				GCC_WARN_UNDECLARED_SELECTOR = YES;
				GCC_WARN_UNINITIALIZED_AUTOS = YES;
				GCC_WARN_UNUSED_FUNCTION = YES;
				GCC_WARN_UNUSED_VARIABLE = YES;
				IPHONEOS_DEPLOYMENT_TARGET = 16.0;
				MACOSX_DEPLOYMENT_TARGET = 13.2;
				ONLY_ACTIVE_ARCH = YES;
				SWIFT_SWIFT3_OBJC_INFERENCE = Off;
				SWIFT_VERSION = 5.0;
			};
			name = Debug;
		};
		622850521978EC9600DE985E /* Release */ = {
			isa = XCBuildConfiguration;
			buildSettings = {
				CLANG_ANALYZER_LOCALIZABILITY_NONLOCALIZED = YES;
				CLANG_WARN_BLOCK_CAPTURE_AUTORELEASING = YES;
				CLANG_WARN_BOOL_CONVERSION = YES;
				CLANG_WARN_COMMA = YES;
				CLANG_WARN_CONSTANT_CONVERSION = YES;
				CLANG_WARN_DEPRECATED_OBJC_IMPLEMENTATIONS = YES;
				CLANG_WARN_EMPTY_BODY = YES;
				CLANG_WARN_ENUM_CONVERSION = YES;
				CLANG_WARN_INFINITE_RECURSION = YES;
				CLANG_WARN_INT_CONVERSION = YES;
				CLANG_WARN_NON_LITERAL_NULL_CONVERSION = YES;
				CLANG_WARN_OBJC_IMPLICIT_RETAIN_SELF = YES;
				CLANG_WARN_OBJC_LITERAL_CONVERSION = YES;
				CLANG_WARN_QUOTED_INCLUDE_IN_FRAMEWORK_HEADER = YES;
				CLANG_WARN_RANGE_LOOP_ANALYSIS = YES;
				CLANG_WARN_STRICT_PROTOTYPES = YES;
				CLANG_WARN_SUSPICIOUS_MOVE = YES;
				CLANG_WARN_UNREACHABLE_CODE = YES;
				CLANG_WARN__DUPLICATE_METHOD_MATCH = YES;
				DEAD_CODE_STRIPPING = YES;
				ENABLE_STRICT_OBJC_MSGSEND = YES;
				ENABLE_TESTABILITY = YES;
				GCC_NO_COMMON_BLOCKS = YES;
				GCC_WARN_64_TO_32_BIT_CONVERSION = YES;
				GCC_WARN_ABOUT_RETURN_TYPE = YES;
				GCC_WARN_UNDECLARED_SELECTOR = YES;
				GCC_WARN_UNINITIALIZED_AUTOS = YES;
				GCC_WARN_UNUSED_FUNCTION = YES;
				GCC_WARN_UNUSED_VARIABLE = YES;
				IPHONEOS_DEPLOYMENT_TARGET = 16.0;
				MACOSX_DEPLOYMENT_TARGET = 13.2;
				SWIFT_OPTIMIZATION_LEVEL = "-Owholemodule";
				SWIFT_SWIFT3_OBJC_INFERENCE = Off;
			};
			name = Release;
		};
		622850771978ECB000DE985E /* Debug */ = {
			isa = XCBuildConfiguration;
			buildSettings = {
				ALWAYS_SEARCH_USER_PATHS = NO;
				ASSETCATALOG_COMPILER_APPICON_NAME = AppIcon;
				CLANG_CXX_LANGUAGE_STANDARD = "gnu++0x";
				CLANG_CXX_LIBRARY = "libc++";
				CLANG_ENABLE_MODULES = YES;
				CLANG_ENABLE_OBJC_ARC = YES;
				CLANG_WARN_BOOL_CONVERSION = YES;
				CLANG_WARN_CONSTANT_CONVERSION = YES;
				CLANG_WARN_DIRECT_OBJC_ISA_USAGE = YES_ERROR;
				CLANG_WARN_EMPTY_BODY = YES;
				CLANG_WARN_ENUM_CONVERSION = YES;
				CLANG_WARN_INT_CONVERSION = YES;
				CLANG_WARN_OBJC_ROOT_CLASS = YES_ERROR;
				CLANG_WARN_UNREACHABLE_CODE = YES;
				CLANG_WARN__DUPLICATE_METHOD_MATCH = YES;
				CODE_SIGN_ENTITLEMENTS = iOS/Characters.entitlements;
				CODE_SIGN_IDENTITY = "iPhone Developer";
				"CODE_SIGN_IDENTITY[sdk=iphoneos*]" = "iPhone Developer";
				COPY_PHASE_STRIP = NO;
				DEVELOPMENT_TEAM = R5PQPZARC5;
				ENABLE_STRICT_OBJC_MSGSEND = YES;
				ENABLE_TESTABILITY = YES;
				GCC_C_LANGUAGE_STANDARD = gnu99;
				GCC_DYNAMIC_NO_PIC = NO;
				GCC_OPTIMIZATION_LEVEL = 0;
				GCC_PREPROCESSOR_DEFINITIONS = (
					"DEBUG=1",
					"$(inherited)",
				);
				GCC_SYMBOLS_PRIVATE_EXTERN = NO;
				GCC_WARN_64_TO_32_BIT_CONVERSION = YES;
				GCC_WARN_ABOUT_RETURN_TYPE = YES_ERROR;
				GCC_WARN_UNDECLARED_SELECTOR = YES;
				GCC_WARN_UNINITIALIZED_AUTOS = YES_AGGRESSIVE;
				GCC_WARN_UNUSED_FUNCTION = YES;
				GCC_WARN_UNUSED_VARIABLE = YES;
				INFOPLIST_FILE = "$(SRCROOT)/iOS/Info.plist";
				INFOPLIST_KEY_CFBundleDisplayName = "Bone Jarring Characters";
				INFOPLIST_KEY_LSApplicationCategoryType = "public.app-category.role-playing-games";
				IPHONEOS_DEPLOYMENT_TARGET = 16.0;
				LD_RUNPATH_SEARCH_PATHS = "$(inherited) @executable_path/Frameworks";
				MARKETING_VERSION = 1.0;
				METAL_ENABLE_DEBUG_INFO = YES;
				ONLY_ACTIVE_ARCH = YES;
				PRODUCT_BUNDLE_IDENTIFIER = com.bonejarring.characters;
				PRODUCT_NAME = Characters;
				SDKROOT = iphoneos;
				SUPPORTED_PLATFORMS = "iphoneos iphonesimulator";
				SUPPORTS_MACCATALYST = NO;
				SUPPORTS_MAC_DESIGNED_FOR_IPHONE_IPAD = YES;
				SWIFT_OPTIMIZATION_LEVEL = "-Onone";
				SWIFT_SWIFT3_OBJC_INFERENCE = Off;
				SWIFT_VERSION = 5.0;
				TARGETED_DEVICE_FAMILY = "1,2";
			};
			name = Debug;
		};
		622850781978ECB000DE985E /* Release */ = {
			isa = XCBuildConfiguration;
			buildSettings = {
				ALWAYS_SEARCH_USER_PATHS = NO;
				ASSETCATALOG_COMPILER_APPICON_NAME = AppIcon;
				CLANG_CXX_LANGUAGE_STANDARD = "gnu++0x";
				CLANG_CXX_LIBRARY = "libc++";
				CLANG_ENABLE_MODULES = YES;
				CLANG_ENABLE_OBJC_ARC = YES;
				CLANG_WARN_BOOL_CONVERSION = YES;
				CLANG_WARN_CONSTANT_CONVERSION = YES;
				CLANG_WARN_DIRECT_OBJC_ISA_USAGE = YES_ERROR;
				CLANG_WARN_EMPTY_BODY = YES;
				CLANG_WARN_ENUM_CONVERSION = YES;
				CLANG_WARN_INT_CONVERSION = YES;
				CLANG_WARN_OBJC_ROOT_CLASS = YES_ERROR;
				CLANG_WARN_UNREACHABLE_CODE = YES;
				CLANG_WARN__DUPLICATE_METHOD_MATCH = YES;
				CODE_SIGN_ENTITLEMENTS = iOS/Characters.entitlements;
				CODE_SIGN_IDENTITY = "iPhone Developer";
				"CODE_SIGN_IDENTITY[sdk=iphoneos*]" = "iPhone Developer";
				COPY_PHASE_STRIP = YES;
				DEVELOPMENT_TEAM = R5PQPZARC5;
				ENABLE_NS_ASSERTIONS = NO;
				ENABLE_STRICT_OBJC_MSGSEND = YES;
				ENABLE_TESTABILITY = YES;
				GCC_C_LANGUAGE_STANDARD = gnu99;
				GCC_WARN_64_TO_32_BIT_CONVERSION = YES;
				GCC_WARN_ABOUT_RETURN_TYPE = YES_ERROR;
				GCC_WARN_UNDECLARED_SELECTOR = YES;
				GCC_WARN_UNINITIALIZED_AUTOS = YES_AGGRESSIVE;
				GCC_WARN_UNUSED_FUNCTION = YES;
				GCC_WARN_UNUSED_VARIABLE = YES;
				INFOPLIST_FILE = "$(SRCROOT)/iOS/Info.plist";
				INFOPLIST_KEY_CFBundleDisplayName = "Bone Jarring Characters";
				INFOPLIST_KEY_LSApplicationCategoryType = "public.app-category.role-playing-games";
				IPHONEOS_DEPLOYMENT_TARGET = 16.0;
				LD_RUNPATH_SEARCH_PATHS = "$(inherited) @executable_path/Frameworks";
				MARKETING_VERSION = 1.0;
				METAL_ENABLE_DEBUG_INFO = NO;
				PRODUCT_BUNDLE_IDENTIFIER = com.bonejarring.characters;
				PRODUCT_NAME = Characters;
				SDKROOT = iphoneos;
				SUPPORTED_PLATFORMS = "iphoneos iphonesimulator";
				SUPPORTS_MACCATALYST = NO;
				SUPPORTS_MAC_DESIGNED_FOR_IPHONE_IPAD = YES;
				SWIFT_OPTIMIZATION_LEVEL = "-Owholemodule";
				SWIFT_SWIFT3_OBJC_INFERENCE = Off;
				SWIFT_VERSION = 5.0;
				TARGETED_DEVICE_FAMILY = "1,2";
				VALIDATE_PRODUCT = YES;
			};
			name = Release;
		};
		624C5B8A1EA9AC7A007BF969 /* Debug */ = {
			isa = XCBuildConfiguration;
			buildSettings = {
				ALWAYS_SEARCH_USER_PATHS = NO;
				CLANG_ANALYZER_NONNULL = YES;
				CLANG_ANALYZER_NUMBER_OBJECT_CONVERSION = YES_AGGRESSIVE;
				CLANG_CXX_LANGUAGE_STANDARD = "gnu++0x";
				CLANG_CXX_LIBRARY = "libc++";
				CLANG_ENABLE_MODULES = YES;
				CLANG_ENABLE_OBJC_ARC = YES;
				CLANG_WARN_DIRECT_OBJC_ISA_USAGE = YES_ERROR;
				CLANG_WARN_DOCUMENTATION_COMMENTS = YES;
				CLANG_WARN_OBJC_ROOT_CLASS = YES_ERROR;
				CODE_SIGN_IDENTITY = "-";
				COPY_PHASE_STRIP = NO;
				DEAD_CODE_STRIPPING = YES;
				DEBUG_INFORMATION_FORMAT = dwarf;
				GCC_C_LANGUAGE_STANDARD = gnu99;
				GCC_DYNAMIC_NO_PIC = NO;
				GCC_OPTIMIZATION_LEVEL = 0;
				GCC_PREPROCESSOR_DEFINITIONS = (
					"DEBUG=1",
					"$(inherited)",
				);
				GCC_WARN_ABOUT_RETURN_TYPE = YES_ERROR;
				GCC_WARN_UNINITIALIZED_AUTOS = YES_AGGRESSIVE;
				MACOSX_DEPLOYMENT_TARGET = "$(RECOMMENDED_MACOSX_DEPLOYMENT_TARGET)";
				MTL_ENABLE_DEBUG_INFO = YES;
				PRODUCT_NAME = "$(TARGET_NAME)";
				SDKROOT = macosx;
				SWIFT_OPTIMIZATION_LEVEL = "-Onone";
				SWIFT_SWIFT3_OBJC_INFERENCE = On;
				SWIFT_VERSION = 5.0;
			};
			name = Debug;
		};
		624C5B8B1EA9AC7A007BF969 /* Release */ = {
			isa = XCBuildConfiguration;
			buildSettings = {
				5WIFT_VERSION = 5.0;
				ALWAYS_SEARCH_USER_PATHS = NO;
				CLANG_ANALYZER_NONNULL = YES;
				CLANG_ANALYZER_NUMBER_OBJECT_CONVERSION = YES_AGGRESSIVE;
				CLANG_CXX_LANGUAGE_STANDARD = "gnu++0x";
				CLANG_CXX_LIBRARY = "libc++";
				CLANG_ENABLE_MODULES = YES;
				CLANG_ENABLE_OBJC_ARC = YES;
				CLANG_WARN_DIRECT_OBJC_ISA_USAGE = YES_ERROR;
				CLANG_WARN_DOCUMENTATION_COMMENTS = YES;
				CLANG_WARN_OBJC_ROOT_CLASS = YES_ERROR;
				CODE_SIGN_IDENTITY = "-";
				COPY_PHASE_STRIP = NO;
				DEAD_CODE_STRIPPING = YES;
				DEBUG_INFORMATION_FORMAT = "dwarf-with-dsym";
				ENABLE_NS_ASSERTIONS = NO;
				GCC_C_LANGUAGE_STANDARD = gnu99;
				GCC_WARN_ABOUT_RETURN_TYPE = YES_ERROR;
				GCC_WARN_UNINITIALIZED_AUTOS = YES_AGGRESSIVE;
				MACOSX_DEPLOYMENT_TARGET = "$(RECOMMENDED_MACOSX_DEPLOYMENT_TARGET)";
				MTL_ENABLE_DEBUG_INFO = NO;
				PRODUCT_NAME = "$(TARGET_NAME)";
				SDKROOT = macosx;
				SWIFT_SWIFT3_OBJC_INFERENCE = On;
			};
			name = Release;
		};
		62B2CB211B2A551E0073B8DC /* Debug */ = {
			isa = XCBuildConfiguration;
			buildSettings = {
				ALWAYS_SEARCH_USER_PATHS = NO;
				BUNDLE_LOADER = "$(TEST_HOST)";
				CLANG_CXX_LANGUAGE_STANDARD = "gnu++0x";
				CLANG_CXX_LIBRARY = "libc++";
				CLANG_ENABLE_MODULES = YES;
				CLANG_ENABLE_OBJC_ARC = YES;
				CLANG_WARN_BOOL_CONVERSION = YES;
				CLANG_WARN_CONSTANT_CONVERSION = YES;
				CLANG_WARN_DIRECT_OBJC_ISA_USAGE = YES_ERROR;
				CLANG_WARN_EMPTY_BODY = YES;
				CLANG_WARN_ENUM_CONVERSION = YES;
				CLANG_WARN_INT_CONVERSION = YES;
				CLANG_WARN_OBJC_ROOT_CLASS = YES_ERROR;
				CLANG_WARN_UNREACHABLE_CODE = YES;
				CLANG_WARN__DUPLICATE_METHOD_MATCH = YES;
				"CODE_SIGN_IDENTITY[sdk=iphoneos*]" = "iPhone Developer";
				COPY_PHASE_STRIP = NO;
				DEBUG_INFORMATION_FORMAT = dwarf;
				ENABLE_STRICT_OBJC_MSGSEND = YES;
				ENABLE_TESTABILITY = YES;
				GCC_C_LANGUAGE_STANDARD = gnu99;
				GCC_DYNAMIC_NO_PIC = NO;
				GCC_NO_COMMON_BLOCKS = YES;
				GCC_OPTIMIZATION_LEVEL = 0;
				GCC_PREPROCESSOR_DEFINITIONS = (
					"DEBUG=1",
					"$(inherited)",
				);
				GCC_WARN_64_TO_32_BIT_CONVERSION = YES;
				GCC_WARN_ABOUT_RETURN_TYPE = YES_ERROR;
				GCC_WARN_UNDECLARED_SELECTOR = YES;
				GCC_WARN_UNINITIALIZED_AUTOS = YES_AGGRESSIVE;
				GCC_WARN_UNUSED_FUNCTION = YES;
				GCC_WARN_UNUSED_VARIABLE = YES;
				INFOPLIST_FILE = "iOS Tests/Info.plist";
				LD_RUNPATH_SEARCH_PATHS = "$(inherited) @executable_path/Frameworks @loader_path/Frameworks";
				MTL_ENABLE_DEBUG_INFO = YES;
				PRODUCT_BUNDLE_IDENTIFIER = "com.bonejarring.iOS-Tests";
				PRODUCT_NAME = "$(TARGET_NAME)";
				SDKROOT = iphoneos;
				SWIFT_OPTIMIZATION_LEVEL = "-Onone";
				SWIFT_SWIFT3_OBJC_INFERENCE = Off;
				SWIFT_VERSION = 5.0;
				TEST_HOST = "$(BUILT_PRODUCTS_DIR)/Characters.app/Characters";
			};
			name = Debug;
		};
		62B2CB221B2A551E0073B8DC /* Release */ = {
			isa = XCBuildConfiguration;
			buildSettings = {
				ALWAYS_SEARCH_USER_PATHS = NO;
				BUNDLE_LOADER = "$(TEST_HOST)";
				CLANG_CXX_LANGUAGE_STANDARD = "gnu++0x";
				CLANG_CXX_LIBRARY = "libc++";
				CLANG_ENABLE_MODULES = YES;
				CLANG_ENABLE_OBJC_ARC = YES;
				CLANG_WARN_BOOL_CONVERSION = YES;
				CLANG_WARN_CONSTANT_CONVERSION = YES;
				CLANG_WARN_DIRECT_OBJC_ISA_USAGE = YES_ERROR;
				CLANG_WARN_EMPTY_BODY = YES;
				CLANG_WARN_ENUM_CONVERSION = YES;
				CLANG_WARN_INT_CONVERSION = YES;
				CLANG_WARN_OBJC_ROOT_CLASS = YES_ERROR;
				CLANG_WARN_UNREACHABLE_CODE = YES;
				CLANG_WARN__DUPLICATE_METHOD_MATCH = YES;
				"CODE_SIGN_IDENTITY[sdk=iphoneos*]" = "iPhone Developer";
				COPY_PHASE_STRIP = NO;
				DEBUG_INFORMATION_FORMAT = "dwarf-with-dsym";
				ENABLE_NS_ASSERTIONS = NO;
				ENABLE_STRICT_OBJC_MSGSEND = YES;
				GCC_C_LANGUAGE_STANDARD = gnu99;
				GCC_NO_COMMON_BLOCKS = YES;
				GCC_WARN_64_TO_32_BIT_CONVERSION = YES;
				GCC_WARN_ABOUT_RETURN_TYPE = YES_ERROR;
				GCC_WARN_UNDECLARED_SELECTOR = YES;
				GCC_WARN_UNINITIALIZED_AUTOS = YES_AGGRESSIVE;
				GCC_WARN_UNUSED_FUNCTION = YES;
				GCC_WARN_UNUSED_VARIABLE = YES;
				INFOPLIST_FILE = "iOS Tests/Info.plist";
				LD_RUNPATH_SEARCH_PATHS = "$(inherited) @executable_path/Frameworks @loader_path/Frameworks";
				MTL_ENABLE_DEBUG_INFO = NO;
				PRODUCT_BUNDLE_IDENTIFIER = "com.bonejarring.iOS-Tests";
				PRODUCT_NAME = "$(TARGET_NAME)";
				SDKROOT = iphoneos;
				SWIFT_OPTIMIZATION_LEVEL = "-Owholemodule";
				SWIFT_SWIFT3_OBJC_INFERENCE = Off;
				SWIFT_VERSION = 5.0;
				TEST_HOST = "$(BUILT_PRODUCTS_DIR)/Characters.app/Characters";
				VALIDATE_PRODUCT = YES;
			};
			name = Release;
		};
/* End XCBuildConfiguration section */

/* Begin XCConfigurationList section */
		622850501978EC9600DE985E /* Build configuration list for PBXProject "Characters" */ = {
			isa = XCConfigurationList;
			buildConfigurations = (
				622850511978EC9600DE985E /* Debug */,
				622850521978EC9600DE985E /* Release */,
			);
			defaultConfigurationIsVisible = 0;
			defaultConfigurationName = Release;
		};
		622850761978ECB000DE985E /* Build configuration list for PBXNativeTarget "iOS" */ = {
			isa = XCConfigurationList;
			buildConfigurations = (
				622850771978ECB000DE985E /* Debug */,
				622850781978ECB000DE985E /* Release */,
			);
			defaultConfigurationIsVisible = 0;
			defaultConfigurationName = Release;
		};
		624C5B8C1EA9AC7A007BF969 /* Build configuration list for PBXNativeTarget "bj_character" */ = {
			isa = XCConfigurationList;
			buildConfigurations = (
				624C5B8A1EA9AC7A007BF969 /* Debug */,
				624C5B8B1EA9AC7A007BF969 /* Release */,
			);
			defaultConfigurationIsVisible = 0;
			defaultConfigurationName = Release;
		};
		62B2CB201B2A551E0073B8DC /* Build configuration list for PBXNativeTarget "iOS-Tests" */ = {
			isa = XCConfigurationList;
			buildConfigurations = (
				62B2CB211B2A551E0073B8DC /* Debug */,
				62B2CB221B2A551E0073B8DC /* Release */,
			);
			defaultConfigurationIsVisible = 0;
			defaultConfigurationName = Release;
		};
/* End XCConfigurationList section */

/* Begin XCVersionGroup section */
		62EDDBFE1DD96D950027A719 /* Creatures.xcdatamodeld */ = {
			isa = XCVersionGroup;
			children = (
				624AE9DB1E17817A00DD9782 /* Characters 6.xcdatamodel */,
				62C1545A1DD9779800D5DAAC /* Characters 5.xcdatamodel */,
				62EDDBFF1DD96D950027A719 /* Characters 2.xcdatamodel */,
				62EDDC001DD96D950027A719 /* Characters 3.xcdatamodel */,
				62EDDC011DD96D950027A719 /* Characters 4.xcdatamodel */,
				62EDDC021DD96D950027A719 /* Characters.xcdatamodel */,
			);
			currentVersion = 624AE9DB1E17817A00DD9782 /* Characters 6.xcdatamodel */;
			name = Creatures.xcdatamodeld;
			path = Models/Creatures.xcdatamodeld;
			sourceTree = "<group>";
			versionGroupType = wrapper.xcdatamodel;
		};
/* End XCVersionGroup section */
	};
	rootObject = 6228504D1978EC9600DE985E /* Project object */;
}
