// !$*UTF8*$!
{
	archiveVersion = 1;
	classes = {
	};
	objectVersion = 46;
	objects = {

/* Begin PBXBuildFile section */
		622CD636179F13BA00F332F7 /* Cocoa.framework in Frameworks */ = {isa = PBXBuildFile; fileRef = 622CD635179F13BA00F332F7 /* Cocoa.framework */; };
		622CD640179F13BA00F332F7 /* InfoPlist.strings in Resources */ = {isa = PBXBuildFile; fileRef = 622CD63E179F13BA00F332F7 /* InfoPlist.strings */; };
		622CD642179F13BA00F332F7 /* main.m in Sources */ = {isa = PBXBuildFile; fileRef = 622CD641179F13BA00F332F7 /* main.m */; };
		622CD646179F13BA00F332F7 /* Credits.rtf in Resources */ = {isa = PBXBuildFile; fileRef = 622CD644179F13BA00F332F7 /* Credits.rtf */; };
		622CD649179F13BA00F332F7 /* Document.m in Sources */ = {isa = PBXBuildFile; fileRef = 622CD648179F13BA00F332F7 /* Document.m */; };
		622CD64C179F13BA00F332F7 /* Document.xib in Resources */ = {isa = PBXBuildFile; fileRef = 622CD64A179F13BA00F332F7 /* Document.xib */; };
		622CD64F179F13BA00F332F7 /* MainMenu.xib in Resources */ = {isa = PBXBuildFile; fileRef = 622CD64D179F13BA00F332F7 /* MainMenu.xib */; };
		622CD656179F13BB00F332F7 /* SenTestingKit.framework in Frameworks */ = {isa = PBXBuildFile; fileRef = 62C3C2C117640824000AAE72 /* SenTestingKit.framework */; };
		622CD657179F13BB00F332F7 /* Cocoa.framework in Frameworks */ = {isa = PBXBuildFile; fileRef = 622CD635179F13BA00F332F7 /* Cocoa.framework */; };
		622CD65F179F13BB00F332F7 /* InfoPlist.strings in Resources */ = {isa = PBXBuildFile; fileRef = 622CD65D179F13BB00F332F7 /* InfoPlist.strings */; };
		622CD662179F13BB00F332F7 /* creatures_macTests.m in Sources */ = {isa = PBXBuildFile; fileRef = 622CD661179F13BB00F332F7 /* creatures_macTests.m */; };
		6270969A179F247100D33490 /* CreatureDataViewController.m in Sources */ = {isa = PBXBuildFile; fileRef = 62709698179F247100D33490 /* CreatureDataViewController.m */; };
		6270969B179F247100D33490 /* CreatureDataViewController.xib in Resources */ = {isa = PBXBuildFile; fileRef = 62709699179F247100D33490 /* CreatureDataViewController.xib */; };
		62C3C29217640824000AAE72 /* UIKit.framework in Frameworks */ = {isa = PBXBuildFile; fileRef = 62C3C29117640824000AAE72 /* UIKit.framework */; };
		62C3C29417640824000AAE72 /* Foundation.framework in Frameworks */ = {isa = PBXBuildFile; fileRef = 62C3C29317640824000AAE72 /* Foundation.framework */; };
		62C3C29617640824000AAE72 /* CoreGraphics.framework in Frameworks */ = {isa = PBXBuildFile; fileRef = 62C3C29517640824000AAE72 /* CoreGraphics.framework */; };
		62C3C29C17640824000AAE72 /* InfoPlist.strings in Resources */ = {isa = PBXBuildFile; fileRef = 62C3C29A17640824000AAE72 /* InfoPlist.strings */; };
		62C3C29E17640824000AAE72 /* main.m in Sources */ = {isa = PBXBuildFile; fileRef = 62C3C29D17640824000AAE72 /* main.m */; };
		62C3C2A217640824000AAE72 /* AppDelegate.m in Sources */ = {isa = PBXBuildFile; fileRef = 62C3C2A117640824000AAE72 /* AppDelegate.m */; };
		62C3C2A417640824000AAE72 /* Default.png in Resources */ = {isa = PBXBuildFile; fileRef = 62C3C2A317640824000AAE72 /* Default.png */; };
		62C3C2A617640824000AAE72 /* Default@2x.png in Resources */ = {isa = PBXBuildFile; fileRef = 62C3C2A517640824000AAE72 /* Default@2x.png */; };
		62C3C2A817640824000AAE72 /* Default-568h@2x.png in Resources */ = {isa = PBXBuildFile; fileRef = 62C3C2A717640824000AAE72 /* Default-568h@2x.png */; };
		62C3C2AB17640824000AAE72 /* MasterViewController.m in Sources */ = {isa = PBXBuildFile; fileRef = 62C3C2AA17640824000AAE72 /* MasterViewController.m */; };
		62C3C2AE17640824000AAE72 /* DetailViewController.m in Sources */ = {isa = PBXBuildFile; fileRef = 62C3C2AD17640824000AAE72 /* DetailViewController.m */; };
		62C3C2B117640824000AAE72 /* MasterViewController_iPhone.xib in Resources */ = {isa = PBXBuildFile; fileRef = 62C3C2AF17640824000AAE72 /* MasterViewController_iPhone.xib */; };
		62C3C2B417640824000AAE72 /* MasterViewController_iPad.xib in Resources */ = {isa = PBXBuildFile; fileRef = 62C3C2B217640824000AAE72 /* MasterViewController_iPad.xib */; };
		62C3C2B717640824000AAE72 /* DetailViewController_iPhone.xib in Resources */ = {isa = PBXBuildFile; fileRef = 62C3C2B517640824000AAE72 /* DetailViewController_iPhone.xib */; };
		62C3C2BA17640824000AAE72 /* DetailViewController_iPad.xib in Resources */ = {isa = PBXBuildFile; fileRef = 62C3C2B817640824000AAE72 /* DetailViewController_iPad.xib */; };
		62C3C2C217640824000AAE72 /* SenTestingKit.framework in Frameworks */ = {isa = PBXBuildFile; fileRef = 62C3C2C117640824000AAE72 /* SenTestingKit.framework */; };
		62C3C2C317640824000AAE72 /* UIKit.framework in Frameworks */ = {isa = PBXBuildFile; fileRef = 62C3C29117640824000AAE72 /* UIKit.framework */; };
		62C3C2C417640824000AAE72 /* Foundation.framework in Frameworks */ = {isa = PBXBuildFile; fileRef = 62C3C29317640824000AAE72 /* Foundation.framework */; };
		62C3C2CC17640824000AAE72 /* InfoPlist.strings in Resources */ = {isa = PBXBuildFile; fileRef = 62C3C2CA17640824000AAE72 /* InfoPlist.strings */; };
		62C3C2CF17640824000AAE72 /* creaturesTests.m in Sources */ = {isa = PBXBuildFile; fileRef = 62C3C2CE17640824000AAE72 /* creaturesTests.m */; };
		62D9EE9A179ECCB00030FF0F /* Creature.m in Sources */ = {isa = PBXBuildFile; fileRef = 62D9EE99179ECCB00030FF0F /* Creature.m */; };
/* End PBXBuildFile section */

/* Begin PBXContainerItemProxy section */
		622CD658179F13BB00F332F7 /* PBXContainerItemProxy */ = {
			isa = PBXContainerItemProxy;
			containerPortal = 62C3C28617640824000AAE72 /* Project object */;
			proxyType = 1;
			remoteGlobalIDString = 622CD633179F13BA00F332F7;
			remoteInfo = "creatures-mac";
		};
		62C3C2C517640824000AAE72 /* PBXContainerItemProxy */ = {
			isa = PBXContainerItemProxy;
			containerPortal = 62C3C28617640824000AAE72 /* Project object */;
			proxyType = 1;
			remoteGlobalIDString = 62C3C28D17640824000AAE72;
			remoteInfo = creatures;
		};
/* End PBXContainerItemProxy section */

/* Begin PBXFileReference section */
		622CD634179F13BA00F332F7 /* creatures-mac.app */ = {isa = PBXFileReference; explicitFileType = wrapper.application; includeInIndex = 0; path = "creatures-mac.app"; sourceTree = BUILT_PRODUCTS_DIR; };
		622CD635179F13BA00F332F7 /* Cocoa.framework */ = {isa = PBXFileReference; lastKnownFileType = wrapper.framework; name = Cocoa.framework; path = Library/Frameworks/Cocoa.framework; sourceTree = DEVELOPER_DIR; };
		622CD638179F13BA00F332F7 /* AppKit.framework */ = {isa = PBXFileReference; lastKnownFileType = wrapper.framework; name = AppKit.framework; path = Library/Frameworks/AppKit.framework; sourceTree = SDKROOT; };
		622CD639179F13BA00F332F7 /* CoreData.framework */ = {isa = PBXFileReference; lastKnownFileType = wrapper.framework; name = CoreData.framework; path = Library/Frameworks/CoreData.framework; sourceTree = SDKROOT; };
		622CD63A179F13BA00F332F7 /* Foundation.framework */ = {isa = PBXFileReference; lastKnownFileType = wrapper.framework; name = Foundation.framework; path = Library/Frameworks/Foundation.framework; sourceTree = SDKROOT; };
		622CD63D179F13BA00F332F7 /* creatures-mac-Info.plist */ = {isa = PBXFileReference; lastKnownFileType = text.plist.xml; path = "creatures-mac-Info.plist"; sourceTree = "<group>"; };
		622CD63F179F13BA00F332F7 /* en */ = {isa = PBXFileReference; lastKnownFileType = text.plist.strings; name = en; path = en.lproj/InfoPlist.strings; sourceTree = "<group>"; };
		622CD641179F13BA00F332F7 /* main.m */ = {isa = PBXFileReference; lastKnownFileType = sourcecode.c.objc; path = main.m; sourceTree = "<group>"; };
		622CD643179F13BA00F332F7 /* creatures-mac-Prefix.pch */ = {isa = PBXFileReference; lastKnownFileType = sourcecode.c.h; path = "creatures-mac-Prefix.pch"; sourceTree = "<group>"; };
		622CD645179F13BA00F332F7 /* en */ = {isa = PBXFileReference; lastKnownFileType = text.rtf; name = en; path = en.lproj/Credits.rtf; sourceTree = "<group>"; };
		622CD647179F13BA00F332F7 /* Document.h */ = {isa = PBXFileReference; lastKnownFileType = sourcecode.c.h; path = Document.h; sourceTree = "<group>"; };
		622CD648179F13BA00F332F7 /* Document.m */ = {isa = PBXFileReference; lastKnownFileType = sourcecode.c.objc; path = Document.m; sourceTree = "<group>"; };
		622CD64B179F13BA00F332F7 /* en */ = {isa = PBXFileReference; lastKnownFileType = file.xib; name = en; path = en.lproj/Document.xib; sourceTree = "<group>"; };
		622CD64E179F13BA00F332F7 /* en */ = {isa = PBXFileReference; lastKnownFileType = file.xib; name = en; path = en.lproj/MainMenu.xib; sourceTree = "<group>"; };
		622CD655179F13BB00F332F7 /* creatures-macTests.octest */ = {isa = PBXFileReference; explicitFileType = wrapper.cfbundle; includeInIndex = 0; path = "creatures-macTests.octest"; sourceTree = BUILT_PRODUCTS_DIR; };
		622CD65C179F13BB00F332F7 /* creatures-macTests-Info.plist */ = {isa = PBXFileReference; lastKnownFileType = text.plist.xml; path = "creatures-macTests-Info.plist"; sourceTree = "<group>"; };
		622CD65E179F13BB00F332F7 /* en */ = {isa = PBXFileReference; lastKnownFileType = text.plist.strings; name = en; path = en.lproj/InfoPlist.strings; sourceTree = "<group>"; };
		622CD660179F13BB00F332F7 /* creatures_macTests.h */ = {isa = PBXFileReference; lastKnownFileType = sourcecode.c.h; path = creatures_macTests.h; sourceTree = "<group>"; };
		622CD661179F13BB00F332F7 /* creatures_macTests.m */ = {isa = PBXFileReference; lastKnownFileType = sourcecode.c.objc; path = creatures_macTests.m; sourceTree = "<group>"; };
		62709697179F247100D33490 /* CreatureDataViewController.h */ = {isa = PBXFileReference; fileEncoding = 4; lastKnownFileType = sourcecode.c.h; name = CreatureDataViewController.h; path = creatures/CreatureDataViewController.h; sourceTree = "<group>"; };
		62709698179F247100D33490 /* CreatureDataViewController.m */ = {isa = PBXFileReference; fileEncoding = 4; lastKnownFileType = sourcecode.c.objc; name = CreatureDataViewController.m; path = creatures/CreatureDataViewController.m; sourceTree = "<group>"; };
		62709699179F247100D33490 /* CreatureDataViewController.xib */ = {isa = PBXFileReference; fileEncoding = 4; lastKnownFileType = file.xib; name = CreatureDataViewController.xib; path = creatures/CreatureDataViewController.xib; sourceTree = "<group>"; };
		62C3C28E17640824000AAE72 /* creatures.app */ = {isa = PBXFileReference; explicitFileType = wrapper.application; includeInIndex = 0; path = creatures.app; sourceTree = BUILT_PRODUCTS_DIR; };
		62C3C29117640824000AAE72 /* UIKit.framework */ = {isa = PBXFileReference; lastKnownFileType = wrapper.framework; name = UIKit.framework; path = System/Library/Frameworks/UIKit.framework; sourceTree = SDKROOT; };
		62C3C29317640824000AAE72 /* Foundation.framework */ = {isa = PBXFileReference; lastKnownFileType = wrapper.framework; name = Foundation.framework; path = System/Library/Frameworks/Foundation.framework; sourceTree = SDKROOT; };
		62C3C29517640824000AAE72 /* CoreGraphics.framework */ = {isa = PBXFileReference; lastKnownFileType = wrapper.framework; name = CoreGraphics.framework; path = System/Library/Frameworks/CoreGraphics.framework; sourceTree = SDKROOT; };
		62C3C29917640824000AAE72 /* creatures-Info.plist */ = {isa = PBXFileReference; lastKnownFileType = text.plist.xml; path = "creatures-Info.plist"; sourceTree = "<group>"; };
		62C3C29B17640824000AAE72 /* en */ = {isa = PBXFileReference; lastKnownFileType = text.plist.strings; name = en; path = en.lproj/InfoPlist.strings; sourceTree = "<group>"; };
		62C3C29D17640824000AAE72 /* main.m */ = {isa = PBXFileReference; lastKnownFileType = sourcecode.c.objc; path = main.m; sourceTree = "<group>"; };
		62C3C29F17640824000AAE72 /* creatures-Prefix.pch */ = {isa = PBXFileReference; lastKnownFileType = sourcecode.c.h; path = "creatures-Prefix.pch"; sourceTree = "<group>"; };
		62C3C2A017640824000AAE72 /* AppDelegate.h */ = {isa = PBXFileReference; lastKnownFileType = sourcecode.c.h; path = AppDelegate.h; sourceTree = "<group>"; };
		62C3C2A117640824000AAE72 /* AppDelegate.m */ = {isa = PBXFileReference; lastKnownFileType = sourcecode.c.objc; path = AppDelegate.m; sourceTree = "<group>"; };
		62C3C2A317640824000AAE72 /* Default.png */ = {isa = PBXFileReference; lastKnownFileType = image.png; path = Default.png; sourceTree = "<group>"; };
		62C3C2A517640824000AAE72 /* Default@2x.png */ = {isa = PBXFileReference; lastKnownFileType = image.png; path = "Default@2x.png"; sourceTree = "<group>"; };
		62C3C2A717640824000AAE72 /* Default-568h@2x.png */ = {isa = PBXFileReference; lastKnownFileType = image.png; path = "Default-568h@2x.png"; sourceTree = "<group>"; };
		62C3C2A917640824000AAE72 /* MasterViewController.h */ = {isa = PBXFileReference; lastKnownFileType = sourcecode.c.h; path = MasterViewController.h; sourceTree = "<group>"; };
		62C3C2AA17640824000AAE72 /* MasterViewController.m */ = {isa = PBXFileReference; lastKnownFileType = sourcecode.c.objc; path = MasterViewController.m; sourceTree = "<group>"; };
		62C3C2AC17640824000AAE72 /* DetailViewController.h */ = {isa = PBXFileReference; lastKnownFileType = sourcecode.c.h; path = DetailViewController.h; sourceTree = "<group>"; };
		62C3C2AD17640824000AAE72 /* DetailViewController.m */ = {isa = PBXFileReference; lastKnownFileType = sourcecode.c.objc; path = DetailViewController.m; sourceTree = "<group>"; };
		62C3C2B017640824000AAE72 /* en */ = {isa = PBXFileReference; lastKnownFileType = file.xib; name = en; path = en.lproj/MasterViewController_iPhone.xib; sourceTree = "<group>"; };
		62C3C2B317640824000AAE72 /* en */ = {isa = PBXFileReference; lastKnownFileType = file.xib; name = en; path = en.lproj/MasterViewController_iPad.xib; sourceTree = "<group>"; };
		62C3C2B617640824000AAE72 /* en */ = {isa = PBXFileReference; lastKnownFileType = file.xib; name = en; path = en.lproj/DetailViewController_iPhone.xib; sourceTree = "<group>"; };
		62C3C2B917640824000AAE72 /* en */ = {isa = PBXFileReference; lastKnownFileType = file.xib; name = en; path = en.lproj/DetailViewController_iPad.xib; sourceTree = "<group>"; };
		62C3C2C017640824000AAE72 /* creaturesTests.octest */ = {isa = PBXFileReference; explicitFileType = wrapper.cfbundle; includeInIndex = 0; path = creaturesTests.octest; sourceTree = BUILT_PRODUCTS_DIR; };
		62C3C2C117640824000AAE72 /* SenTestingKit.framework */ = {isa = PBXFileReference; lastKnownFileType = wrapper.framework; name = SenTestingKit.framework; path = Library/Frameworks/SenTestingKit.framework; sourceTree = DEVELOPER_DIR; };
		62C3C2C917640824000AAE72 /* creaturesTests-Info.plist */ = {isa = PBXFileReference; lastKnownFileType = text.plist.xml; path = "creaturesTests-Info.plist"; sourceTree = "<group>"; };
		62C3C2CB17640824000AAE72 /* en */ = {isa = PBXFileReference; lastKnownFileType = text.plist.strings; name = en; path = en.lproj/InfoPlist.strings; sourceTree = "<group>"; };
		62C3C2CD17640824000AAE72 /* creaturesTests.h */ = {isa = PBXFileReference; lastKnownFileType = sourcecode.c.h; path = creaturesTests.h; sourceTree = "<group>"; };
		62C3C2CE17640824000AAE72 /* creaturesTests.m */ = {isa = PBXFileReference; lastKnownFileType = sourcecode.c.objc; path = creaturesTests.m; sourceTree = "<group>"; };
		62D9EE98179ECCAF0030FF0F /* Creature.h */ = {isa = PBXFileReference; fileEncoding = 4; lastKnownFileType = sourcecode.c.h; name = Creature.h; path = common/Creature.h; sourceTree = "<group>"; };
		62D9EE99179ECCB00030FF0F /* Creature.m */ = {isa = PBXFileReference; fileEncoding = 4; lastKnownFileType = sourcecode.c.objc; name = Creature.m; path = common/Creature.m; sourceTree = "<group>"; };
/* End PBXFileReference section */

/* Begin PBXFrameworksBuildPhase section */
		622CD631179F13BA00F332F7 /* Frameworks */ = {
			isa = PBXFrameworksBuildPhase;
			buildActionMask = 2147483647;
			files = (
				622CD636179F13BA00F332F7 /* Cocoa.framework in Frameworks */,
			);
			runOnlyForDeploymentPostprocessing = 0;
		};
		622CD651179F13BB00F332F7 /* Frameworks */ = {
			isa = PBXFrameworksBuildPhase;
			buildActionMask = 2147483647;
			files = (
				622CD656179F13BB00F332F7 /* SenTestingKit.framework in Frameworks */,
				622CD657179F13BB00F332F7 /* Cocoa.framework in Frameworks */,
			);
			runOnlyForDeploymentPostprocessing = 0;
		};
		62C3C28B17640824000AAE72 /* Frameworks */ = {
			isa = PBXFrameworksBuildPhase;
			buildActionMask = 2147483647;
			files = (
				62C3C29217640824000AAE72 /* UIKit.framework in Frameworks */,
				62C3C29417640824000AAE72 /* Foundation.framework in Frameworks */,
				62C3C29617640824000AAE72 /* CoreGraphics.framework in Frameworks */,
			);
			runOnlyForDeploymentPostprocessing = 0;
		};
		62C3C2BC17640824000AAE72 /* Frameworks */ = {
			isa = PBXFrameworksBuildPhase;
			buildActionMask = 2147483647;
			files = (
				62C3C2C217640824000AAE72 /* SenTestingKit.framework in Frameworks */,
				62C3C2C317640824000AAE72 /* UIKit.framework in Frameworks */,
				62C3C2C417640824000AAE72 /* Foundation.framework in Frameworks */,
			);
			runOnlyForDeploymentPostprocessing = 0;
		};
/* End PBXFrameworksBuildPhase section */

/* Begin PBXGroup section */
		622CD637179F13BA00F332F7 /* Other Frameworks */ = {
			isa = PBXGroup;
			children = (
				622CD638179F13BA00F332F7 /* AppKit.framework */,
				622CD639179F13BA00F332F7 /* CoreData.framework */,
				622CD63A179F13BA00F332F7 /* Foundation.framework */,
			);
			name = "Other Frameworks";
			sourceTree = "<group>";
		};
		622CD63B179F13BA00F332F7 /* creatures-mac */ = {
			isa = PBXGroup;
			children = (
				622CD647179F13BA00F332F7 /* Document.h */,
				622CD648179F13BA00F332F7 /* Document.m */,
				622CD64A179F13BA00F332F7 /* Document.xib */,
				622CD64D179F13BA00F332F7 /* MainMenu.xib */,
				622CD63C179F13BA00F332F7 /* Supporting Files */,
			);
			path = "creatures-mac";
			sourceTree = "<group>";
		};
		622CD63C179F13BA00F332F7 /* Supporting Files */ = {
			isa = PBXGroup;
			children = (
				622CD63D179F13BA00F332F7 /* creatures-mac-Info.plist */,
				622CD63E179F13BA00F332F7 /* InfoPlist.strings */,
				622CD641179F13BA00F332F7 /* main.m */,
				622CD643179F13BA00F332F7 /* creatures-mac-Prefix.pch */,
				622CD644179F13BA00F332F7 /* Credits.rtf */,
			);
			name = "Supporting Files";
			sourceTree = "<group>";
		};
		622CD65A179F13BB00F332F7 /* creatures-macTests */ = {
			isa = PBXGroup;
			children = (
				622CD660179F13BB00F332F7 /* creatures_macTests.h */,
				622CD661179F13BB00F332F7 /* creatures_macTests.m */,
				622CD65B179F13BB00F332F7 /* Supporting Files */,
			);
			path = "creatures-macTests";
			sourceTree = "<group>";
		};
		622CD65B179F13BB00F332F7 /* Supporting Files */ = {
			isa = PBXGroup;
			children = (
				622CD65C179F13BB00F332F7 /* creatures-macTests-Info.plist */,
				622CD65D179F13BB00F332F7 /* InfoPlist.strings */,
			);
			name = "Supporting Files";
			sourceTree = "<group>";
		};
		62C3C28517640824000AAE72 = {
			isa = PBXGroup;
			children = (
				62D9EE97179ECC620030FF0F /* Common Files */,
				62C3C29717640824000AAE72 /* creatures */,
				62C3C2C717640824000AAE72 /* creaturesTests */,
				622CD63B179F13BA00F332F7 /* creatures-mac */,
				622CD65A179F13BB00F332F7 /* creatures-macTests */,
				62C3C29017640824000AAE72 /* Frameworks */,
				62C3C28F17640824000AAE72 /* Products */,
			);
			sourceTree = "<group>";
		};
		62C3C28F17640824000AAE72 /* Products */ = {
			isa = PBXGroup;
			children = (
				62C3C28E17640824000AAE72 /* creatures.app */,
				62C3C2C017640824000AAE72 /* creaturesTests.octest */,
				622CD634179F13BA00F332F7 /* creatures-mac.app */,
				622CD655179F13BB00F332F7 /* creatures-macTests.octest */,
			);
			name = Products;
			sourceTree = "<group>";
		};
		62C3C29017640824000AAE72 /* Frameworks */ = {
			isa = PBXGroup;
			children = (
				62C3C29117640824000AAE72 /* UIKit.framework */,
				62C3C29317640824000AAE72 /* Foundation.framework */,
				62C3C29517640824000AAE72 /* CoreGraphics.framework */,
				62C3C2C117640824000AAE72 /* SenTestingKit.framework */,
				622CD635179F13BA00F332F7 /* Cocoa.framework */,
				622CD637179F13BA00F332F7 /* Other Frameworks */,
			);
			name = Frameworks;
			sourceTree = "<group>";
		};
		62C3C29717640824000AAE72 /* creatures */ = {
			isa = PBXGroup;
			children = (
				62D9EE96179ECC3F0030FF0F /* Resources */,
				62C3C2A017640824000AAE72 /* AppDelegate.h */,
				62C3C2A117640824000AAE72 /* AppDelegate.m */,
				62C3C2A917640824000AAE72 /* MasterViewController.h */,
				62C3C2AA17640824000AAE72 /* MasterViewController.m */,
				62709697179F247100D33490 /* CreatureDataViewController.h */,
				62709698179F247100D33490 /* CreatureDataViewController.m */,
				62C3C2AC17640824000AAE72 /* DetailViewController.h */,
				62C3C2AD17640824000AAE72 /* DetailViewController.m */,
				62C3C29817640824000AAE72 /* Supporting Files */,
			);
			path = creatures;
			sourceTree = "<group>";
		};
		62C3C29817640824000AAE72 /* Supporting Files */ = {
			isa = PBXGroup;
			children = (
				62C3C29917640824000AAE72 /* creatures-Info.plist */,
				62C3C29A17640824000AAE72 /* InfoPlist.strings */,
				62C3C29D17640824000AAE72 /* main.m */,
				62C3C29F17640824000AAE72 /* creatures-Prefix.pch */,
				62C3C2A317640824000AAE72 /* Default.png */,
				62C3C2A517640824000AAE72 /* Default@2x.png */,
				62C3C2A717640824000AAE72 /* Default-568h@2x.png */,
			);
			name = "Supporting Files";
			sourceTree = "<group>";
		};
		62C3C2C717640824000AAE72 /* creaturesTests */ = {
			isa = PBXGroup;
			children = (
				62C3C2CD17640824000AAE72 /* creaturesTests.h */,
				62C3C2CE17640824000AAE72 /* creaturesTests.m */,
				62C3C2C817640824000AAE72 /* Supporting Files */,
			);
			path = creaturesTests;
			sourceTree = "<group>";
		};
		62C3C2C817640824000AAE72 /* Supporting Files */ = {
			isa = PBXGroup;
			children = (
				62C3C2C917640824000AAE72 /* creaturesTests-Info.plist */,
				62C3C2CA17640824000AAE72 /* InfoPlist.strings */,
			);
			name = "Supporting Files";
			sourceTree = "<group>";
		};
		62D9EE96179ECC3F0030FF0F /* Resources */ = {
			isa = PBXGroup;
			children = (
				62C3C2AF17640824000AAE72 /* MasterViewController_iPhone.xib */,
				62C3C2B217640824000AAE72 /* MasterViewController_iPad.xib */,
				62C3C2B517640824000AAE72 /* DetailViewController_iPhone.xib */,
				62C3C2B817640824000AAE72 /* DetailViewController_iPad.xib */,
				62709699179F247100D33490 /* CreatureDataViewController.xib */,
			);
			name = Resources;
			sourceTree = "<group>";
		};
		62D9EE97179ECC620030FF0F /* Common Files */ = {
			isa = PBXGroup;
			children = (
				62D9EE98179ECCAF0030FF0F /* Creature.h */,
				62D9EE99179ECCB00030FF0F /* Creature.m */,
			);
			name = "Common Files";
			sourceTree = "<group>";
		};
/* End PBXGroup section */

/* Begin PBXNativeTarget section */
		622CD633179F13BA00F332F7 /* creatures-mac */ = {
			isa = PBXNativeTarget;
			buildConfigurationList = 622CD667179F13BB00F332F7 /* Build configuration list for PBXNativeTarget "creatures-mac" */;
			buildPhases = (
				622CD630179F13BA00F332F7 /* Sources */,
				622CD631179F13BA00F332F7 /* Frameworks */,
				622CD632179F13BA00F332F7 /* Resources */,
			);
			buildRules = (
			);
			dependencies = (
			);
			name = "creatures-mac";
			productName = "creatures-mac";
			productReference = 622CD634179F13BA00F332F7 /* creatures-mac.app */;
			productType = "com.apple.product-type.application";
		};
		622CD654179F13BB00F332F7 /* creatures-macTests */ = {
			isa = PBXNativeTarget;
			buildConfigurationList = 622CD668179F13BB00F332F7 /* Build configuration list for PBXNativeTarget "creatures-macTests" */;
			buildPhases = (
				622CD650179F13BB00F332F7 /* Sources */,
				622CD651179F13BB00F332F7 /* Frameworks */,
				622CD652179F13BB00F332F7 /* Resources */,
				622CD653179F13BB00F332F7 /* ShellScript */,
			);
			buildRules = (
			);
			dependencies = (
				622CD659179F13BB00F332F7 /* PBXTargetDependency */,
			);
			name = "creatures-macTests";
			productName = "creatures-macTests";
			productReference = 622CD655179F13BB00F332F7 /* creatures-macTests.octest */;
			productType = "com.apple.product-type.bundle";
		};
		62C3C28D17640824000AAE72 /* creatures */ = {
			isa = PBXNativeTarget;
			buildConfigurationList = 62C3C2D217640824000AAE72 /* Build configuration list for PBXNativeTarget "creatures" */;
			buildPhases = (
				62C3C28A17640824000AAE72 /* Sources */,
				62C3C28B17640824000AAE72 /* Frameworks */,
				62C3C28C17640824000AAE72 /* Resources */,
			);
			buildRules = (
			);
			dependencies = (
			);
			name = creatures;
			productName = creatures;
			productReference = 62C3C28E17640824000AAE72 /* creatures.app */;
			productType = "com.apple.product-type.application";
		};
		62C3C2BF17640824000AAE72 /* creaturesTests */ = {
			isa = PBXNativeTarget;
			buildConfigurationList = 62C3C2D517640824000AAE72 /* Build configuration list for PBXNativeTarget "creaturesTests" */;
			buildPhases = (
				62C3C2BB17640824000AAE72 /* Sources */,
				62C3C2BC17640824000AAE72 /* Frameworks */,
				62C3C2BD17640824000AAE72 /* Resources */,
				62C3C2BE17640824000AAE72 /* ShellScript */,
			);
			buildRules = (
			);
			dependencies = (
				62C3C2C617640824000AAE72 /* PBXTargetDependency */,
			);
			name = creaturesTests;
			productName = creaturesTests;
			productReference = 62C3C2C017640824000AAE72 /* creaturesTests.octest */;
			productType = "com.apple.product-type.bundle";
		};
/* End PBXNativeTarget section */

/* Begin PBXProject section */
		62C3C28617640824000AAE72 /* Project object */ = {
			isa = PBXProject;
			attributes = {
				LastUpgradeCheck = 0460;
				ORGANIZATIONNAME = "Bone Jarring Games and Software";
			};
			buildConfigurationList = 62C3C28917640824000AAE72 /* Build configuration list for PBXProject "creatures" */;
			compatibilityVersion = "Xcode 3.2";
			developmentRegion = English;
			hasScannedForEncodings = 0;
			knownRegions = (
				en,
			);
			mainGroup = 62C3C28517640824000AAE72;
			productRefGroup = 62C3C28F17640824000AAE72 /* Products */;
			projectDirPath = "";
			projectRoot = "";
			targets = (
				62C3C28D17640824000AAE72 /* creatures */,
				62C3C2BF17640824000AAE72 /* creaturesTests */,
				622CD633179F13BA00F332F7 /* creatures-mac */,
				622CD654179F13BB00F332F7 /* creatures-macTests */,
			);
		};
/* End PBXProject section */

/* Begin PBXResourcesBuildPhase section */
		622CD632179F13BA00F332F7 /* Resources */ = {
			isa = PBXResourcesBuildPhase;
			buildActionMask = 2147483647;
			files = (
				622CD640179F13BA00F332F7 /* InfoPlist.strings in Resources */,
				622CD646179F13BA00F332F7 /* Credits.rtf in Resources */,
				622CD64C179F13BA00F332F7 /* Document.xib in Resources */,
				622CD64F179F13BA00F332F7 /* MainMenu.xib in Resources */,
			);
			runOnlyForDeploymentPostprocessing = 0;
		};
		622CD652179F13BB00F332F7 /* Resources */ = {
			isa = PBXResourcesBuildPhase;
			buildActionMask = 2147483647;
			files = (
				622CD65F179F13BB00F332F7 /* InfoPlist.strings in Resources */,
			);
			runOnlyForDeploymentPostprocessing = 0;
		};
		62C3C28C17640824000AAE72 /* Resources */ = {
			isa = PBXResourcesBuildPhase;
			buildActionMask = 2147483647;
			files = (
				62C3C29C17640824000AAE72 /* InfoPlist.strings in Resources */,
				62C3C2A417640824000AAE72 /* Default.png in Resources */,
				62C3C2A617640824000AAE72 /* Default@2x.png in Resources */,
				62C3C2A817640824000AAE72 /* Default-568h@2x.png in Resources */,
				62C3C2B117640824000AAE72 /* MasterViewController_iPhone.xib in Resources */,
				62C3C2B417640824000AAE72 /* MasterViewController_iPad.xib in Resources */,
				62C3C2B717640824000AAE72 /* DetailViewController_iPhone.xib in Resources */,
				62C3C2BA17640824000AAE72 /* DetailViewController_iPad.xib in Resources */,
				6270969B179F247100D33490 /* CreatureDataViewController.xib in Resources */,
			);
			runOnlyForDeploymentPostprocessing = 0;
		};
		62C3C2BD17640824000AAE72 /* Resources */ = {
			isa = PBXResourcesBuildPhase;
			buildActionMask = 2147483647;
			files = (
				62C3C2CC17640824000AAE72 /* InfoPlist.strings in Resources */,
			);
			runOnlyForDeploymentPostprocessing = 0;
		};
/* End PBXResourcesBuildPhase section */

/* Begin PBXShellScriptBuildPhase section */
		622CD653179F13BB00F332F7 /* ShellScript */ = {
			isa = PBXShellScriptBuildPhase;
			buildActionMask = 2147483647;
			files = (
			);
			inputPaths = (
			);
			outputPaths = (
			);
			runOnlyForDeploymentPostprocessing = 0;
			shellPath = /bin/sh;
			shellScript = "# Run the unit tests in this test bundle.\n\"${SYSTEM_DEVELOPER_DIR}/Tools/RunUnitTests\"\n";
		};
		62C3C2BE17640824000AAE72 /* ShellScript */ = {
			isa = PBXShellScriptBuildPhase;
			buildActionMask = 2147483647;
			files = (
			);
			inputPaths = (
			);
			outputPaths = (
			);
			runOnlyForDeploymentPostprocessing = 0;
			shellPath = /bin/sh;
			shellScript = "# Run the unit tests in this test bundle.\n\"${SYSTEM_DEVELOPER_DIR}/Tools/RunUnitTests\"\n";
		};
/* End PBXShellScriptBuildPhase section */

/* Begin PBXSourcesBuildPhase section */
		622CD630179F13BA00F332F7 /* Sources */ = {
			isa = PBXSourcesBuildPhase;
			buildActionMask = 2147483647;
			files = (
				622CD642179F13BA00F332F7 /* main.m in Sources */,
				622CD649179F13BA00F332F7 /* Document.m in Sources */,
			);
			runOnlyForDeploymentPostprocessing = 0;
		};
		622CD650179F13BB00F332F7 /* Sources */ = {
			isa = PBXSourcesBuildPhase;
			buildActionMask = 2147483647;
			files = (
				622CD662179F13BB00F332F7 /* creatures_macTests.m in Sources */,
			);
			runOnlyForDeploymentPostprocessing = 0;
		};
		62C3C28A17640824000AAE72 /* Sources */ = {
			isa = PBXSourcesBuildPhase;
			buildActionMask = 2147483647;
			files = (
				62C3C29E17640824000AAE72 /* main.m in Sources */,
				62C3C2A217640824000AAE72 /* AppDelegate.m in Sources */,
				62C3C2AB17640824000AAE72 /* MasterViewController.m in Sources */,
				62C3C2AE17640824000AAE72 /* DetailViewController.m in Sources */,
				62D9EE9A179ECCB00030FF0F /* Creature.m in Sources */,
				6270969A179F247100D33490 /* CreatureDataViewController.m in Sources */,
			);
			runOnlyForDeploymentPostprocessing = 0;
		};
		62C3C2BB17640824000AAE72 /* Sources */ = {
			isa = PBXSourcesBuildPhase;
			buildActionMask = 2147483647;
			files = (
				62C3C2CF17640824000AAE72 /* creaturesTests.m in Sources */,
			);
			runOnlyForDeploymentPostprocessing = 0;
		};
/* End PBXSourcesBuildPhase section */

/* Begin PBXTargetDependency section */
		622CD659179F13BB00F332F7 /* PBXTargetDependency */ = {
			isa = PBXTargetDependency;
			target = 622CD633179F13BA00F332F7 /* creatures-mac */;
			targetProxy = 622CD658179F13BB00F332F7 /* PBXContainerItemProxy */;
		};
		62C3C2C617640824000AAE72 /* PBXTargetDependency */ = {
			isa = PBXTargetDependency;
			target = 62C3C28D17640824000AAE72 /* creatures */;
			targetProxy = 62C3C2C517640824000AAE72 /* PBXContainerItemProxy */;
		};
/* End PBXTargetDependency section */

/* Begin PBXVariantGroup section */
		622CD63E179F13BA00F332F7 /* InfoPlist.strings */ = {
			isa = PBXVariantGroup;
			children = (
				622CD63F179F13BA00F332F7 /* en */,
			);
			name = InfoPlist.strings;
			sourceTree = "<group>";
		};
		622CD644179F13BA00F332F7 /* Credits.rtf */ = {
			isa = PBXVariantGroup;
			children = (
				622CD645179F13BA00F332F7 /* en */,
			);
			name = Credits.rtf;
			sourceTree = "<group>";
		};
		622CD64A179F13BA00F332F7 /* Document.xib */ = {
			isa = PBXVariantGroup;
			children = (
				622CD64B179F13BA00F332F7 /* en */,
			);
			name = Document.xib;
			sourceTree = "<group>";
		};
		622CD64D179F13BA00F332F7 /* MainMenu.xib */ = {
			isa = PBXVariantGroup;
			children = (
				622CD64E179F13BA00F332F7 /* en */,
			);
			name = MainMenu.xib;
			sourceTree = "<group>";
		};
		622CD65D179F13BB00F332F7 /* InfoPlist.strings */ = {
			isa = PBXVariantGroup;
			children = (
				622CD65E179F13BB00F332F7 /* en */,
			);
			name = InfoPlist.strings;
			sourceTree = "<group>";
		};
		62C3C29A17640824000AAE72 /* InfoPlist.strings */ = {
			isa = PBXVariantGroup;
			children = (
				62C3C29B17640824000AAE72 /* en */,
			);
			name = InfoPlist.strings;
			sourceTree = "<group>";
		};
		62C3C2AF17640824000AAE72 /* MasterViewController_iPhone.xib */ = {
			isa = PBXVariantGroup;
			children = (
				62C3C2B017640824000AAE72 /* en */,
			);
			name = MasterViewController_iPhone.xib;
			sourceTree = "<group>";
		};
		62C3C2B217640824000AAE72 /* MasterViewController_iPad.xib */ = {
			isa = PBXVariantGroup;
			children = (
				62C3C2B317640824000AAE72 /* en */,
			);
			name = MasterViewController_iPad.xib;
			sourceTree = "<group>";
		};
		62C3C2B517640824000AAE72 /* DetailViewController_iPhone.xib */ = {
			isa = PBXVariantGroup;
			children = (
				62C3C2B617640824000AAE72 /* en */,
			);
			name = DetailViewController_iPhone.xib;
			sourceTree = "<group>";
		};
		62C3C2B817640824000AAE72 /* DetailViewController_iPad.xib */ = {
			isa = PBXVariantGroup;
			children = (
				62C3C2B917640824000AAE72 /* en */,
			);
			name = DetailViewController_iPad.xib;
			sourceTree = "<group>";
		};
		62C3C2CA17640824000AAE72 /* InfoPlist.strings */ = {
			isa = PBXVariantGroup;
			children = (
				62C3C2CB17640824000AAE72 /* en */,
			);
			name = InfoPlist.strings;
			sourceTree = "<group>";
		};
/* End PBXVariantGroup section */

/* Begin XCBuildConfiguration section */
		622CD663179F13BB00F332F7 /* Debug */ = {
			isa = XCBuildConfiguration;
			buildSettings = {
				ARCHS = "$(ARCHS_STANDARD_64_BIT)";
				COMBINE_HIDPI_IMAGES = YES;
				FRAMEWORK_SEARCH_PATHS = (
					"$(inherited)",
					"\"$(SYSTEM_APPS_DIR)/Xcode.app/Contents/Developer/Library/Frameworks\"",
				);
				GCC_ENABLE_OBJC_EXCEPTIONS = YES;
				GCC_PRECOMPILE_PREFIX_HEADER = YES;
				GCC_PREFIX_HEADER = "creatures-mac/creatures-mac-Prefix.pch";
				GCC_WARN_64_TO_32_BIT_CONVERSION = YES;
				INFOPLIST_FILE = "creatures-mac/creatures-mac-Info.plist";
				MACOSX_DEPLOYMENT_TARGET = 10.8;
				PRODUCT_NAME = "$(TARGET_NAME)";
				SDKROOT = macosx;
				WRAPPER_EXTENSION = app;
			};
			name = Debug;
		};
		622CD664179F13BB00F332F7 /* Release */ = {
			isa = XCBuildConfiguration;
			buildSettings = {
				ARCHS = "$(ARCHS_STANDARD_64_BIT)";
				COMBINE_HIDPI_IMAGES = YES;
				DEBUG_INFORMATION_FORMAT = "dwarf-with-dsym";
				FRAMEWORK_SEARCH_PATHS = (
					"$(inherited)",
					"\"$(SYSTEM_APPS_DIR)/Xcode.app/Contents/Developer/Library/Frameworks\"",
				);
				GCC_ENABLE_OBJC_EXCEPTIONS = YES;
				GCC_PRECOMPILE_PREFIX_HEADER = YES;
				GCC_PREFIX_HEADER = "creatures-mac/creatures-mac-Prefix.pch";
				GCC_WARN_64_TO_32_BIT_CONVERSION = YES;
				INFOPLIST_FILE = "creatures-mac/creatures-mac-Info.plist";
				MACOSX_DEPLOYMENT_TARGET = 10.8;
				PRODUCT_NAME = "$(TARGET_NAME)";
				SDKROOT = macosx;
				WRAPPER_EXTENSION = app;
			};
			name = Release;
		};
		622CD665179F13BB00F332F7 /* Debug */ = {
			isa = XCBuildConfiguration;
			buildSettings = {
				ARCHS = "$(ARCHS_STANDARD_64_BIT)";
				BUNDLE_LOADER = "$(BUILT_PRODUCTS_DIR)/creatures-mac.app/Contents/MacOS/creatures-mac";
				COMBINE_HIDPI_IMAGES = YES;
				FRAMEWORK_SEARCH_PATHS = "\"$(DEVELOPER_LIBRARY_DIR)/Frameworks\"";
				GCC_ENABLE_OBJC_EXCEPTIONS = YES;
				GCC_PRECOMPILE_PREFIX_HEADER = YES;
				GCC_PREFIX_HEADER = "creatures-mac/creatures-mac-Prefix.pch";
				GCC_WARN_64_TO_32_BIT_CONVERSION = YES;
				INFOPLIST_FILE = "creatures-macTests/creatures-macTests-Info.plist";
				MACOSX_DEPLOYMENT_TARGET = 10.8;
				PRODUCT_NAME = "$(TARGET_NAME)";
				SDKROOT = macosx;
				TEST_HOST = "$(BUNDLE_LOADER)";
				WRAPPER_EXTENSION = octest;
			};
			name = Debug;
		};
		622CD666179F13BB00F332F7 /* Release */ = {
			isa = XCBuildConfiguration;
			buildSettings = {
				ARCHS = "$(ARCHS_STANDARD_64_BIT)";
				BUNDLE_LOADER = "$(BUILT_PRODUCTS_DIR)/creatures-mac.app/Contents/MacOS/creatures-mac";
				COMBINE_HIDPI_IMAGES = YES;
				DEBUG_INFORMATION_FORMAT = "dwarf-with-dsym";
				FRAMEWORK_SEARCH_PATHS = "\"$(DEVELOPER_LIBRARY_DIR)/Frameworks\"";
				GCC_ENABLE_OBJC_EXCEPTIONS = YES;
				GCC_PRECOMPILE_PREFIX_HEADER = YES;
				GCC_PREFIX_HEADER = "creatures-mac/creatures-mac-Prefix.pch";
				GCC_WARN_64_TO_32_BIT_CONVERSION = YES;
				INFOPLIST_FILE = "creatures-macTests/creatures-macTests-Info.plist";
				MACOSX_DEPLOYMENT_TARGET = 10.8;
				PRODUCT_NAME = "$(TARGET_NAME)";
				SDKROOT = macosx;
				TEST_HOST = "$(BUNDLE_LOADER)";
				WRAPPER_EXTENSION = octest;
			};
			name = Release;
		};
		62C3C2D017640824000AAE72 /* Debug */ = {
			isa = XCBuildConfiguration;
			buildSettings = {
				ALWAYS_SEARCH_USER_PATHS = NO;
				CLANG_CXX_LANGUAGE_STANDARD = "gnu++0x";
				CLANG_CXX_LIBRARY = "libc++";
				CLANG_ENABLE_OBJC_ARC = YES;
				CLANG_WARN_CONSTANT_CONVERSION = YES;
				CLANG_WARN_EMPTY_BODY = YES;
				CLANG_WARN_ENUM_CONVERSION = YES;
				CLANG_WARN_INT_CONVERSION = YES;
				CLANG_WARN__DUPLICATE_METHOD_MATCH = YES;
				"CODE_SIGN_IDENTITY[sdk=iphoneos*]" = "iPhone Developer";
				COPY_PHASE_STRIP = NO;
				GCC_C_LANGUAGE_STANDARD = gnu99;
				GCC_DYNAMIC_NO_PIC = NO;
				GCC_OPTIMIZATION_LEVEL = 0;
				GCC_PREPROCESSOR_DEFINITIONS = (
					"DEBUG=1",
					"$(inherited)",
				);
				GCC_SYMBOLS_PRIVATE_EXTERN = NO;
				GCC_WARN_ABOUT_RETURN_TYPE = YES;
				GCC_WARN_UNINITIALIZED_AUTOS = YES;
				GCC_WARN_UNUSED_VARIABLE = YES;
				IPHONEOS_DEPLOYMENT_TARGET = 6.1;
				ONLY_ACTIVE_ARCH = YES;
				SDKROOT = iphoneos;
				TARGETED_DEVICE_FAMILY = "1,2";
			};
			name = Debug;
		};
		62C3C2D117640824000AAE72 /* Release */ = {
			isa = XCBuildConfiguration;
			buildSettings = {
				ALWAYS_SEARCH_USER_PATHS = NO;
				CLANG_CXX_LANGUAGE_STANDARD = "gnu++0x";
				CLANG_CXX_LIBRARY = "libc++";
				CLANG_ENABLE_OBJC_ARC = YES;
				CLANG_WARN_CONSTANT_CONVERSION = YES;
				CLANG_WARN_EMPTY_BODY = YES;
				CLANG_WARN_ENUM_CONVERSION = YES;
				CLANG_WARN_INT_CONVERSION = YES;
				CLANG_WARN__DUPLICATE_METHOD_MATCH = YES;
				"CODE_SIGN_IDENTITY[sdk=iphoneos*]" = "iPhone Developer";
				COPY_PHASE_STRIP = YES;
				GCC_C_LANGUAGE_STANDARD = gnu99;
				GCC_WARN_ABOUT_RETURN_TYPE = YES;
				GCC_WARN_UNINITIALIZED_AUTOS = YES;
				GCC_WARN_UNUSED_VARIABLE = YES;
				IPHONEOS_DEPLOYMENT_TARGET = 6.1;
				OTHER_CFLAGS = "-DNS_BLOCK_ASSERTIONS=1";
				SDKROOT = iphoneos;
				TARGETED_DEVICE_FAMILY = "1,2";
				VALIDATE_PRODUCT = YES;
			};
			name = Release;
		};
		62C3C2D317640824000AAE72 /* Debug */ = {
			isa = XCBuildConfiguration;
			buildSettings = {
				GCC_PRECOMPILE_PREFIX_HEADER = YES;
				GCC_PREFIX_HEADER = "creatures/creatures-Prefix.pch";
				INFOPLIST_FILE = "creatures/creatures-Info.plist";
				IPHONEOS_DEPLOYMENT_TARGET = 6.1;
				PRODUCT_NAME = "$(TARGET_NAME)";
				WRAPPER_EXTENSION = app;
			};
			name = Debug;
		};
		62C3C2D417640824000AAE72 /* Release */ = {
			isa = XCBuildConfiguration;
			buildSettings = {
				GCC_PRECOMPILE_PREFIX_HEADER = YES;
				GCC_PREFIX_HEADER = "creatures/creatures-Prefix.pch";
				INFOPLIST_FILE = "creatures/creatures-Info.plist";
				IPHONEOS_DEPLOYMENT_TARGET = 6.1;
				PRODUCT_NAME = "$(TARGET_NAME)";
				WRAPPER_EXTENSION = app;
			};
			name = Release;
		};
		62C3C2D617640824000AAE72 /* Debug */ = {
			isa = XCBuildConfiguration;
			buildSettings = {
				BUNDLE_LOADER = "$(BUILT_PRODUCTS_DIR)/creatures.app/creatures";
				FRAMEWORK_SEARCH_PATHS = (
					"\"$(SDKROOT)/Developer/Library/Frameworks\"",
					"\"$(DEVELOPER_LIBRARY_DIR)/Frameworks\"",
				);
				GCC_PRECOMPILE_PREFIX_HEADER = YES;
				GCC_PREFIX_HEADER = "creatures/creatures-Prefix.pch";
				INFOPLIST_FILE = "creaturesTests/creaturesTests-Info.plist";
				PRODUCT_NAME = "$(TARGET_NAME)";
				TEST_HOST = "$(BUNDLE_LOADER)";
				WRAPPER_EXTENSION = octest;
			};
			name = Debug;
		};
		62C3C2D717640824000AAE72 /* Release */ = {
			isa = XCBuildConfiguration;
			buildSettings = {
				BUNDLE_LOADER = "$(BUILT_PRODUCTS_DIR)/creatures.app/creatures";
				FRAMEWORK_SEARCH_PATHS = (
					"\"$(SDKROOT)/Developer/Library/Frameworks\"",
					"\"$(DEVELOPER_LIBRARY_DIR)/Frameworks\"",
				);
				GCC_PRECOMPILE_PREFIX_HEADER = YES;
				GCC_PREFIX_HEADER = "creatures/creatures-Prefix.pch";
				INFOPLIST_FILE = "creaturesTests/creaturesTests-Info.plist";
				PRODUCT_NAME = "$(TARGET_NAME)";
				TEST_HOST = "$(BUNDLE_LOADER)";
				WRAPPER_EXTENSION = octest;
			};
			name = Release;
		};
/* End XCBuildConfiguration section */

/* Begin XCConfigurationList section */
		622CD667179F13BB00F332F7 /* Build configuration list for PBXNativeTarget "creatures-mac" */ = {
			isa = XCConfigurationList;
			buildConfigurations = (
				622CD663179F13BB00F332F7 /* Debug */,
				622CD664179F13BB00F332F7 /* Release */,
			);
			defaultConfigurationIsVisible = 0;
			defaultConfigurationName = Release;
		};
		622CD668179F13BB00F332F7 /* Build configuration list for PBXNativeTarget "creatures-macTests" */ = {
			isa = XCConfigurationList;
			buildConfigurations = (
				622CD665179F13BB00F332F7 /* Debug */,
				622CD666179F13BB00F332F7 /* Release */,
			);
			defaultConfigurationIsVisible = 0;
			defaultConfigurationName = Release;
		};
		62C3C28917640824000AAE72 /* Build configuration list for PBXProject "creatures" */ = {
			isa = XCConfigurationList;
			buildConfigurations = (
				62C3C2D017640824000AAE72 /* Debug */,
				62C3C2D117640824000AAE72 /* Release */,
			);
			defaultConfigurationIsVisible = 0;
			defaultConfigurationName = Release;
		};
		62C3C2D217640824000AAE72 /* Build configuration list for PBXNativeTarget "creatures" */ = {
			isa = XCConfigurationList;
			buildConfigurations = (
				62C3C2D317640824000AAE72 /* Debug */,
				62C3C2D417640824000AAE72 /* Release */,
			);
			defaultConfigurationIsVisible = 0;
			defaultConfigurationName = Release;
		};
		62C3C2D517640824000AAE72 /* Build configuration list for PBXNativeTarget "creaturesTests" */ = {
			isa = XCConfigurationList;
			buildConfigurations = (
				62C3C2D617640824000AAE72 /* Debug */,
				62C3C2D717640824000AAE72 /* Release */,
			);
			defaultConfigurationIsVisible = 0;
			defaultConfigurationName = Release;
		};
/* End XCConfigurationList section */
	};
	rootObject = 62C3C28617640824000AAE72 /* Project object */;
}
